{
  "version": 4,
  "terraform_version": "1.5.7",
  "serial": 80,
  "lineage": "f926408c-7c48-b0ff-b3cd-28d584e7ff50",
  "outputs": {},
  "resources": [
    {
      "mode": "data",
      "type": "archive_file",
      "name": "alert",
      "provider": "provider[\"registry.terraform.io/hashicorp/archive\"]",
      "instances": [
        {
          "schema_version": 0,
          "attributes": {
            "exclude_symlink_directories": null,
            "excludes": null,
            "id": "8b74e028e67e0451ddb0f5016ab0ad36ccc051d7",
            "output_base64sha256": "dYoZSb+ulxkSaJThWjPQQeEEs/LYlcWdaMqe5VQZ88s=",
            "output_base64sha512": "FSZbgT4O9Jk5IKJlCsCJORgkisXqANuKczdjbY0FoVBz6Dkugi/L/dvHFJSGH6DBZLwQ0VSu222ExOA54z5m/Q==",
            "output_file_mode": null,
            "output_md5": "f9699779dcba4e2c06673fe853a01747",
            "output_path": "/tmp/notification-function-source.zip",
            "output_sha": "8b74e028e67e0451ddb0f5016ab0ad36ccc051d7",
            "output_sha256": "758a1949bfae9719126894e15a33d041e104b3f2d895c59d68ca9ee55419f3cb",
            "output_sha512": "15265b813e0ef4993920a2650ac0893918248ac5ea00db8a7337636d8d05a15073e8392e822fcbfddbc71494861fa0c164bc10d154aedb6d84c4e039e33e66fd",
            "output_size": 1249,
            "source": [],
            "source_content": null,
            "source_content_filename": null,
            "source_dir": "../cloud_functions/trigger_alert_notifications",
            "source_file": null,
            "type": "zip"
          },
          "sensitive_attributes": []
        }
      ]
    },
    {
      "mode": "data",
      "type": "archive_file",
      "name": "default",
      "provider": "provider[\"registry.terraform.io/hashicorp/archive\"]",
      "instances": [
        {
          "schema_version": 0,
          "attributes": {
            "exclude_symlink_directories": null,
            "excludes": null,
            "id": "560b2962caa80375f80632d0fe824e2818d9f29d",
            "output_base64sha256": "CMeFRqGr//Ch/DALxDibQuZOSvor2zLzqx+eg60Hco4=",
            "output_base64sha512": "xo5poL16rCGEKqyqn5w4FB0E6FHpmoIgftjtQtfS60PZjvjncUDA2lp1dwtc2XRdaWkntWRI7Ak/Y7NmYGLoUQ==",
            "output_file_mode": null,
            "output_md5": "9247653104ce557c75a30db94143cc2e",
            "output_path": "/tmp/ccinsights-function-source.zip",
            "output_sha": "560b2962caa80375f80632d0fe824e2818d9f29d",
            "output_sha256": "08c78546a1abfff0a1fc300bc4389b42e64e4afa2bdb32f3ab1f9e83ad07728e",
            "output_sha512": "c68e69a0bd7aac21842aacaa9f9c38141d04e851e99a82207ed8ed42d7d2eb43d98ef8e77140c0da5a75770b5cd9745d696927b56448ec093f63b3666062e851",
            "output_size": 3957,
            "source": [],
            "source_content": null,
            "source_content_filename": null,
            "source_dir": "../cloud_functions/gemini_generate_customer_insights",
            "source_file": null,
            "type": "zip"
          },
          "sensitive_attributes": []
        }
      ]
    },
    {
      "mode": "data",
      "type": "archive_file",
      "name": "dlp",
      "provider": "provider[\"registry.terraform.io/hashicorp/archive\"]",
      "instances": [
        {
          "schema_version": 0,
          "attributes": {
            "exclude_symlink_directories": null,
            "excludes": null,
            "id": "45d5917c38cb9cfb4677f444605be63b381383af",
            "output_base64sha256": "l+bQKFkTCZ/JkQeHxHAdAzX5k0X8s9EJHqy0MdbUakc=",
            "output_base64sha512": "QHkypce+MS9twon1vJQgdElRBY/lN9ZN3A+A9EaNnyAqUUFdoRBKzFgqBbzeLfne64UhCRb6Zk9gMsoU8Sqlkw==",
            "output_file_mode": null,
            "output_md5": "8299a601feb3b9b24811dbf9e4475c87",
            "output_path": "/tmp/dlp-function-source.zip",
            "output_sha": "45d5917c38cb9cfb4677f444605be63b381383af",
            "output_sha256": "97e6d0285913099fc9910787c4701d0335f99345fcb3d1091eacb431d6d46a47",
            "output_sha512": "407932a5c7be312f6dc289f5bc9420744951058fe537d64ddc0f80f4468d9f202a51415da1104acc582a05bcde2df9deeb85210916fa664f6032ca14f12aa593",
            "output_size": 1333,
            "source": [],
            "source_content": null,
            "source_content_filename": null,
            "source_dir": "../cloud_functions/dlp_deidentify",
            "source_file": null,
            "type": "zip"
          },
          "sensitive_attributes": []
        }
      ]
    },
    {
      "mode": "data",
      "type": "external",
      "name": "gcloud_auth_list",
      "provider": "provider[\"registry.terraform.io/hashicorp/external\"]",
      "instances": [
        {
          "schema_version": 0,
          "attributes": {
            "id": "-",
            "program": [
              "bash",
              "-c",
              "gcloud auth list --format='value(account)' | xargs -I {} echo '{\"email\":\"'{}'\"}'"
            ],
            "query": null,
            "result": {
              "email": "rayira@google.com"
            },
            "working_dir": null
          },
          "sensitive_attributes": []
        }
      ]
    },
    {
      "mode": "data",
      "type": "google_project",
      "name": "project",
      "provider": "provider[\"registry.terraform.io/hashicorp/google\"]",
      "instances": [
        {
          "schema_version": 0,
          "attributes": {
            "auto_create_network": null,
            "billing_account": null,
            "deletion_policy": "DELETE",
            "effective_labels": {
              "managed-by": "terraform"
            },
            "folder_id": "801076874630",
            "id": "projects/the1-genai-nonprod",
            "labels": {
              "managed-by": "terraform"
            },
            "name": "The1 - GenAI - Nonprod",
            "number": "349096218925",
            "org_id": "",
            "project_id": "the1-genai-nonprod",
            "skip_delete": null,
            "terraform_labels": {
              "managed-by": "terraform"
            }
          },
          "sensitive_attributes": []
        }
      ]
    },
    {
      "mode": "data",
      "type": "google_storage_project_service_account",
      "name": "gcs_account",
      "provider": "provider[\"registry.terraform.io/hashicorp/google\"]",
      "instances": [
        {
          "schema_version": 0,
          "attributes": {
            "email_address": "service-349096218925@gs-project-accounts.iam.gserviceaccount.com",
            "id": "service-349096218925@gs-project-accounts.iam.gserviceaccount.com",
            "member": "serviceAccount:service-349096218925@gs-project-accounts.iam.gserviceaccount.com",
            "project": "the1-genai-nonprod",
            "user_project": null
          },
          "sensitive_attributes": []
        }
      ]
    },
    {
      "mode": "data",
      "type": "http",
      "name": "create_showcase_entry",
      "provider": "provider[\"registry.terraform.io/hashicorp/http\"]",
      "instances": [
        {
          "schema_version": 0,
          "attributes": {
            "body": "Entry recorded.",
            "ca_cert_pem": null,
            "id": "https://34.117.227.110.nip.io/alchemy-showcase-entry?apikey=AQWEDSPLOKUJDKKKSS",
            "insecure": null,
            "method": "POST",
            "request_body": "{\"project_id\":\"the1-genai-nonprod\",\"project_user\":\"rayira@google.com\"}",
            "request_headers": {
              "Content-Type": "application/json"
            },
            "request_timeout_ms": null,
            "response_body": "Entry recorded.",
            "response_body_base64": "RW50cnkgcmVjb3JkZWQu",
            "response_headers": {
              "Alt-Svc": "h3=\":443\"; ma=2592000,h3-29=\":443\"; ma=2592000",
              "Content-Length": "15",
              "Content-Type": "text/html; charset=utf-8",
              "Date": "Sat, 17 Aug 2024 04:43:53 GMT",
              "Via": "1.1 google",
              "X-Cloud-Trace-Context": "1613a4fcb0d072d5c041614db4265f99;o=1",
              "X-Request-Id": "72dacc59-556a-471b-bc2c-ff71c6c3a2e1"
            },
            "retry": null,
            "status_code": 200,
            "url": "https://34.117.227.110.nip.io/alchemy-showcase-entry?apikey=AQWEDSPLOKUJDKKKSS"
          },
          "sensitive_attributes": []
        }
      ]
    },
    {
      "mode": "managed",
      "type": "google_bigquery_dataset",
      "name": "cc_genai_insights",
      "provider": "provider[\"registry.terraform.io/hashicorp/google\"]",
      "instances": [
        {
          "schema_version": 0,
          "attributes": {
            "access": [
              {
                "dataset": [],
                "domain": "",
                "group_by_email": "",
                "iam_member": "",
                "role": "OWNER",
                "routine": [],
                "special_group": "",
                "user_by_email": "rayira@google.com",
                "view": []
              },
              {
                "dataset": [],
                "domain": "",
                "group_by_email": "",
                "iam_member": "",
                "role": "OWNER",
                "routine": [],
                "special_group": "projectOwners",
                "user_by_email": "",
                "view": []
              },
              {
                "dataset": [],
                "domain": "",
                "group_by_email": "",
                "iam_member": "",
                "role": "READER",
                "routine": [],
                "special_group": "projectReaders",
                "user_by_email": "",
                "view": []
              },
              {
                "dataset": [],
                "domain": "",
                "group_by_email": "",
                "iam_member": "",
                "role": "WRITER",
                "routine": [],
                "special_group": "projectWriters",
                "user_by_email": "",
                "view": []
              }
            ],
            "creation_time": 1723869964939,
            "dataset_id": "cc_genai_insights",
            "default_collation": "",
            "default_encryption_configuration": [],
            "default_partition_expiration_ms": 0,
            "default_table_expiration_ms": 0,
            "delete_contents_on_destroy": false,
            "description": "Data Warehouse for Contact Center Insights",
            "effective_labels": {},
            "etag": "+nz1tXpB1Jijfc4ZNvjFxQ==",
            "external_dataset_reference": [],
            "friendly_name": "Contact Center Gen AI Insights",
            "id": "projects/the1-genai-nonprod/datasets/cc_genai_insights",
            "is_case_insensitive": false,
            "labels": null,
            "last_modified_time": 1723869964939,
            "location": "asia-southeast1",
            "max_time_travel_hours": "",
            "project": "the1-genai-nonprod",
            "resource_tags": null,
            "self_link": "https://bigquery.googleapis.com/bigquery/v2/projects/the1-genai-nonprod/datasets/cc_genai_insights",
            "storage_billing_model": "",
            "terraform_labels": {},
            "timeouts": null
          },
          "sensitive_attributes": [],
          "private": "eyJlMmJmYjczMC1lY2FhLTExZTYtOGY4OC0zNDM2M2JjN2M0YzAiOnsiY3JlYXRlIjoxMjAwMDAwMDAwMDAwLCJkZWxldGUiOjEyMDAwMDAwMDAwMDAsInVwZGF0ZSI6MTIwMDAwMDAwMDAwMH19",
          "dependencies": [
            "module.enabled_google_apis.google_project_service.project_services",
            "time_sleep.wait_60_seconds",
            "time_sleep.wait_project_init"
          ]
        }
      ]
    },
    {
      "mode": "managed",
      "type": "google_bigquery_table",
      "name": "cc_genai_insights_action_items_table",
      "provider": "provider[\"registry.terraform.io/hashicorp/google\"]",
      "instances": [
        {
          "schema_version": 0,
          "attributes": {
            "allow_resource_tags_on_deletion": false,
            "clustering": null,
            "creation_time": 1723869976656,
            "dataset_id": "cc_genai_insights",
            "deletion_protection": false,
            "description": "",
            "effective_labels": {},
            "encryption_configuration": [],
            "etag": "GQMQuwIxB0lYch38AJ49rg==",
            "expiration_time": 0,
            "external_data_configuration": [],
            "friendly_name": "",
            "id": "projects/the1-genai-nonprod/datasets/cc_genai_insights/tables/cc_genai_insights_action_items",
            "labels": null,
            "last_modified_time": 1723869976744,
            "location": "asia-southeast1",
            "materialized_view": [],
            "max_staleness": "",
            "num_bytes": 0,
            "num_long_term_bytes": 0,
            "num_rows": 0,
            "project": "the1-genai-nonprod",
            "range_partitioning": [],
            "require_partition_filter": false,
            "resource_tags": null,
            "schema": "[{\"description\":\"Case Id\",\"mode\":\"REQUIRED\",\"name\":\"case_id\",\"type\":\"STRING\"},{\"description\":\"Record Processed Timestamp\",\"mode\":\"REQUIRED\",\"name\":\"timestamp\",\"type\":\"TIMESTAMP\"},{\"description\":\"Audio File Storage Location\",\"mode\":\"REQUIRED\",\"name\":\"audio_uri\",\"type\":\"STRING\"},{\"description\":\"Transcript File storage location\",\"mode\":\"NULLABLE\",\"name\":\"transcript_uri\",\"type\":\"STRING\"},{\"description\":\"Action Items from Phone Conversation\",\"fields\":[{\"description\":\"Action Item\",\"mode\":\"NULLABLE\",\"name\":\"action_item\",\"type\":\"STRING\"},{\"description\":\"Action Item Owner\",\"mode\":\"NULLABLE\",\"name\":\"action_item_owner\",\"type\":\"STRING\"},{\"description\":\"Action Item Status\",\"mode\":\"NULLABLE\",\"name\":\"action_item_status\",\"type\":\"STRING\"}],\"mode\":\"NULLABLE\",\"name\":\"action_items\",\"type\":\"RECORD\"}]",
            "self_link": "https://bigquery.googleapis.com/bigquery/v2/projects/the1-genai-nonprod/datasets/cc_genai_insights/tables/cc_genai_insights_action_items",
            "table_constraints": [],
            "table_id": "cc_genai_insights_action_items",
            "table_replication_info": [],
            "terraform_labels": {},
            "time_partitioning": [],
            "type": "TABLE",
            "view": []
          },
          "sensitive_attributes": [],
          "private": "bnVsbA==",
          "dependencies": [
            "google_bigquery_dataset.cc_genai_insights",
            "module.enabled_google_apis.google_project_service.project_services",
            "time_sleep.wait_60_seconds",
            "time_sleep.wait_project_init"
          ]
        }
      ]
    },
    {
      "mode": "managed",
      "type": "google_bigquery_table",
      "name": "cc_genai_insights_phone_transcripts_ai_summary_table",
      "provider": "provider[\"registry.terraform.io/hashicorp/google\"]",
      "instances": [
        {
          "schema_version": 0,
          "attributes": {
            "allow_resource_tags_on_deletion": false,
            "clustering": null,
            "creation_time": 1723869977049,
            "dataset_id": "cc_genai_insights",
            "deletion_protection": false,
            "description": "",
            "effective_labels": {},
            "encryption_configuration": [],
            "etag": "Y/rtO4oIpvjjGV1o3of0Sg==",
            "expiration_time": 0,
            "external_data_configuration": [],
            "friendly_name": "",
            "id": "projects/the1-genai-nonprod/datasets/cc_genai_insights/tables/cc_genai_insights_phone_transcripts_ai_summary",
            "labels": null,
            "last_modified_time": 1723869977134,
            "location": "asia-southeast1",
            "materialized_view": [],
            "max_staleness": "",
            "num_bytes": 0,
            "num_long_term_bytes": 0,
            "num_rows": 0,
            "project": "the1-genai-nonprod",
            "range_partitioning": [],
            "require_partition_filter": false,
            "resource_tags": null,
            "schema": "[{\"description\":\"Case Id\",\"mode\":\"REQUIRED\",\"name\":\"case_id\",\"type\":\"STRING\"},{\"description\":\"Transaction Recorded Timestamp\",\"mode\":\"REQUIRED\",\"name\":\"timestamp\",\"type\":\"TIMESTAMP\"},{\"description\":\"Language of Phone Conversation\",\"mode\":\"REQUIRED\",\"name\":\"language\",\"type\":\"STRING\"},{\"description\":\"Audio File Storage Location\",\"mode\":\"REQUIRED\",\"name\":\"audio_uri\",\"type\":\"STRING\"},{\"description\":\"Transcript File storage location\",\"mode\":\"NULLABLE\",\"name\":\"transcript_uri\",\"type\":\"STRING\"},{\"description\":\"Raw Transcript\",\"mode\":\"NULLABLE\",\"name\":\"transcript_text\",\"type\":\"STRING\"},{\"description\":\"AI summary by gemini\",\"mode\":\"NULLABLE\",\"name\":\"transcript_ai_summary\",\"type\":\"STRING\"},{\"description\":\"Analyze the overall opinion, feeling, or attitude sentiment expressed and give me score of 1 - 10 where 1 being negative and 10 being positive.\",\"mode\":\"NULLABLE\",\"name\":\"sentiment_score\",\"type\":\"INTEGER\"},{\"description\":\"Sentiment description\",\"mode\":\"NULLABLE\",\"name\":\"sentiment_description\",\"type\":\"STRING\"}]",
            "self_link": "https://bigquery.googleapis.com/bigquery/v2/projects/the1-genai-nonprod/datasets/cc_genai_insights/tables/cc_genai_insights_phone_transcripts_ai_summary",
            "table_constraints": [],
            "table_id": "cc_genai_insights_phone_transcripts_ai_summary",
            "table_replication_info": [],
            "terraform_labels": {},
            "time_partitioning": [],
            "type": "TABLE",
            "view": []
          },
          "sensitive_attributes": [],
          "private": "bnVsbA==",
          "dependencies": [
            "google_bigquery_dataset.cc_genai_insights",
            "module.enabled_google_apis.google_project_service.project_services",
            "time_sleep.wait_60_seconds",
            "time_sleep.wait_project_init"
          ]
        }
      ]
    },
    {
      "mode": "managed",
      "type": "google_bigquery_table",
      "name": "genai_transcripts_v1_table",
      "provider": "provider[\"registry.terraform.io/hashicorp/google\"]",
      "instances": [
        {
          "schema_version": 0,
          "attributes": {
            "allow_resource_tags_on_deletion": false,
            "clustering": null,
            "creation_time": 1723869977034,
            "dataset_id": "cc_genai_insights",
            "deletion_protection": false,
            "description": "",
            "effective_labels": {},
            "encryption_configuration": [],
            "etag": "DWghne2Cvy6HOtVOEzbB+w==",
            "expiration_time": 0,
            "external_data_configuration": [],
            "friendly_name": "",
            "id": "projects/the1-genai-nonprod/datasets/cc_genai_insights/tables/genai_transcripts_v1",
            "labels": null,
            "last_modified_time": 1723869977147,
            "location": "asia-southeast1",
            "materialized_view": [],
            "max_staleness": "",
            "num_bytes": 0,
            "num_long_term_bytes": 0,
            "num_rows": 0,
            "project": "the1-genai-nonprod",
            "range_partitioning": [],
            "require_partition_filter": false,
            "resource_tags": null,
            "schema": "[{\"description\":\"Case Id\",\"mode\":\"REQUIRED\",\"name\":\"case_id\",\"type\":\"STRING\"},{\"description\":\"Record Processed Timestamp\",\"mode\":\"REQUIRED\",\"name\":\"timestamp\",\"type\":\"STRING\"},{\"description\":\"Name of the model used for transcription V1 table used Gemini 1.5 Flash\",\"mode\":\"REQUIRED\",\"name\":\"model_used\",\"type\":\"STRING\"},{\"description\":\"Language detected by the model\",\"mode\":\"REQUIRED\",\"name\":\"language\",\"type\":\"STRING\"},{\"description\":\"Audio File Storage Location\",\"mode\":\"REQUIRED\",\"name\":\"audio_uri\",\"type\":\"STRING\"},{\"description\":\"Transcript File storage location\",\"mode\":\"NULLABLE\",\"name\":\"transcript_uri\",\"type\":\"STRING\"},{\"description\":\"Transcripts of the audio file\",\"mode\":\"NULLABLE\",\"name\":\"transcripts\",\"type\":\"STRING\"},{\"description\":\"AI summary generated based on the transcription\",\"mode\":\"NULLABLE\",\"name\":\"transcript_ai_summary\",\"type\":\"STRING\"},{\"description\":\"Analyze the overall opinion, feeling, or attitude sentiment expressed and give me score of 1 - 10 where 1 being negative and 10 being positive.\",\"mode\":\"NULLABLE\",\"name\":\"sentiment_score\",\"type\":\"INTEGER\"},{\"description\":\"Sentiment description based on the Conversation\",\"mode\":\"NULLABLE\",\"name\":\"sentiment_description\",\"type\":\"STRING\"},{\"description\":\"Action Items from Phone Conversation\",\"mode\":\"NULLABLE\",\"name\":\"action_items\",\"type\":\"STRING\"}]",
            "self_link": "https://bigquery.googleapis.com/bigquery/v2/projects/the1-genai-nonprod/datasets/cc_genai_insights/tables/genai_transcripts_v1",
            "table_constraints": [],
            "table_id": "genai_transcripts_v1",
            "table_replication_info": [],
            "terraform_labels": {},
            "time_partitioning": [],
            "type": "TABLE",
            "view": []
          },
          "sensitive_attributes": [],
          "private": "bnVsbA==",
          "dependencies": [
            "google_bigquery_dataset.cc_genai_insights",
            "module.enabled_google_apis.google_project_service.project_services",
            "time_sleep.wait_60_seconds",
            "time_sleep.wait_project_init"
          ]
        }
      ]
    },
    {
      "mode": "managed",
      "type": "google_cloudfunctions2_function",
      "name": "alert",
      "provider": "provider[\"registry.terraform.io/hashicorp/google\"]",
      "instances": [
        {
          "schema_version": 0,
          "attributes": {
            "build_config": [
              {
                "automatic_update_policy": [
                  {}
                ],
                "build": "projects/349096218925/locations/asia-southeast1/builds/45ead84d-63f3-4dd5-8fe5-37339af51e23",
                "docker_repository": "projects/the1-genai-nonprod/locations/asia-southeast1/repositories/gcf-artifacts",
                "entry_point": "trigger_alert_notifications",
                "environment_variables": {},
                "on_deploy_update_policy": [],
                "runtime": "python39",
                "service_account": "projects/the1-genai-nonprod/serviceAccounts/349096218925-compute@developer.gserviceaccount.com",
                "source": [
                  {
                    "repo_source": [],
                    "storage_source": [
                      {
                        "bucket": "021f731f7a4dc070-gcf-source",
                        "generation": 1723870113064839,
                        "object": "notification-function-source.zip"
                      }
                    ]
                  }
                ],
                "worker_pool": ""
              }
            ],
            "description": "Cloud Function to trigger alert notifications",
            "effective_labels": {},
            "environment": "GEN_2",
            "event_trigger": [
              {
                "event_filters": [],
                "event_type": "google.cloud.pubsub.topic.v1.messagePublished",
                "pubsub_topic": "projects/the1-genai-nonprod/topics/cc_genai_insights_topic",
                "retry_policy": "RETRY_POLICY_RETRY",
                "service_account_email": "gcf-sa@the1-genai-nonprod.iam.gserviceaccount.com",
                "trigger": "projects/the1-genai-nonprod/locations/asia-southeast1/triggers/trigger-alert-notifications-711835",
                "trigger_region": "asia-southeast1"
              }
            ],
            "id": "projects/the1-genai-nonprod/locations/asia-southeast1/functions/trigger_alert_notifications",
            "kms_key_name": "",
            "labels": null,
            "location": "asia-southeast1",
            "name": "trigger_alert_notifications",
            "project": "the1-genai-nonprod",
            "service_config": [
              {
                "all_traffic_on_latest_revision": true,
                "available_cpu": "0.3333",
                "available_memory": "512M",
                "environment_variables": {
                  "LOG_EXECUTION_ID": "true"
                },
                "gcf_uri": "",
                "ingress_settings": "ALLOW_ALL",
                "max_instance_count": 1,
                "max_instance_request_concurrency": 1,
                "min_instance_count": 1,
                "secret_environment_variables": [],
                "secret_volumes": [],
                "service": "projects/the1-genai-nonprod/locations/asia-southeast1/services/trigger-alert-notifications",
                "service_account_email": "gcf-sa@the1-genai-nonprod.iam.gserviceaccount.com",
                "timeout_seconds": 60,
                "uri": "https://trigger-alert-notifications-m3kbntymca-as.a.run.app",
                "vpc_connector": "",
                "vpc_connector_egress_settings": ""
              }
            ],
            "state": "ACTIVE",
            "terraform_labels": {},
            "timeouts": null,
            "update_time": "2024-08-17T04:50:19.866839223Z",
            "url": "https://asia-southeast1-the1-genai-nonprod.cloudfunctions.net/trigger_alert_notifications"
          },
          "sensitive_attributes": [],
          "private": "eyJlMmJmYjczMC1lY2FhLTExZTYtOGY4OC0zNDM2M2JjN2M0YzAiOnsiY3JlYXRlIjozNjAwMDAwMDAwMDAwLCJkZWxldGUiOjM2MDAwMDAwMDAwMDAsInVwZGF0ZSI6MzYwMDAwMDAwMDAwMH19",
          "dependencies": [
            "data.archive_file.alert",
            "data.archive_file.default",
            "google_pubsub_topic.cc_genai_insights_topic",
            "google_storage_bucket.alert",
            "google_storage_bucket.default",
            "google_storage_bucket_object.alert_object",
            "google_storage_bucket_object.object",
            "module.enabled_google_apis.google_project_service.project_services",
            "random_id.alert",
            "random_id.default",
            "time_sleep.wait_60_seconds",
            "time_sleep.wait_another_120_seconds",
            "time_sleep.wait_project_init"
          ]
        }
      ]
    },
    {
      "mode": "managed",
      "type": "google_cloudfunctions2_function",
      "name": "dlp",
      "provider": "provider[\"registry.terraform.io/hashicorp/google\"]",
      "instances": [
        {
          "schema_version": 0,
          "attributes": {
            "build_config": [
              {
                "automatic_update_policy": [
                  {}
                ],
                "build": "projects/349096218925/locations/asia-southeast1/builds/7af68b32-9fd6-4af8-9a30-3ea5b724077b",
                "docker_repository": "projects/the1-genai-nonprod/locations/asia-southeast1/repositories/gcf-artifacts",
                "entry_point": "deidentify_and_upload",
                "environment_variables": {},
                "on_deploy_update_policy": [],
                "runtime": "python39",
                "service_account": "projects/the1-genai-nonprod/serviceAccounts/349096218925-compute@developer.gserviceaccount.com",
                "source": [
                  {
                    "repo_source": [],
                    "storage_source": [
                      {
                        "bucket": "6d0105a5e2812f55-gcf-source",
                        "generation": 1723870112955556,
                        "object": "dlp-function-source.zip"
                      }
                    ]
                  }
                ],
                "worker_pool": ""
              }
            ],
            "description": "Cloud Function to deidentify transcripts using dlp",
            "effective_labels": {},
            "environment": "GEN_2",
            "event_trigger": [
              {
                "event_filters": [
                  {
                    "attribute": "bucket",
                    "operator": "",
                    "value": "the1-genai-nonprod-operation-insights-transcript"
                  }
                ],
                "event_type": "google.cloud.storage.object.v1.finalized",
                "pubsub_topic": "projects/the1-genai-nonprod/topics/eventarc-asia-southeast1-dlp-deidentify-963345-980",
                "retry_policy": "RETRY_POLICY_RETRY",
                "service_account_email": "gcf-sa@the1-genai-nonprod.iam.gserviceaccount.com",
                "trigger": "projects/the1-genai-nonprod/locations/asia-southeast1/triggers/dlp-deidentify-963345",
                "trigger_region": "asia-southeast1"
              }
            ],
            "id": "projects/the1-genai-nonprod/locations/asia-southeast1/functions/dlp_deidentify",
            "kms_key_name": "",
            "labels": null,
            "location": "asia-southeast1",
            "name": "dlp_deidentify",
            "project": "the1-genai-nonprod",
            "service_config": [
              {
                "all_traffic_on_latest_revision": true,
                "available_cpu": "0.3333",
                "available_memory": "512M",
                "environment_variables": {
                  "LOG_EXECUTION_ID": "true"
                },
                "gcf_uri": "",
                "ingress_settings": "ALLOW_ALL",
                "max_instance_count": 1,
                "max_instance_request_concurrency": 1,
                "min_instance_count": 1,
                "secret_environment_variables": [],
                "secret_volumes": [],
                "service": "projects/the1-genai-nonprod/locations/asia-southeast1/services/dlp-deidentify",
                "service_account_email": "gcf-sa@the1-genai-nonprod.iam.gserviceaccount.com",
                "timeout_seconds": 60,
                "uri": "https://dlp-deidentify-m3kbntymca-as.a.run.app",
                "vpc_connector": "",
                "vpc_connector_egress_settings": ""
              }
            ],
            "state": "ACTIVE",
            "terraform_labels": {},
            "timeouts": null,
            "update_time": "2024-08-17T04:50:18.749511782Z",
            "url": "https://asia-southeast1-the1-genai-nonprod.cloudfunctions.net/dlp_deidentify"
          },
          "sensitive_attributes": [],
          "private": "eyJlMmJmYjczMC1lY2FhLTExZTYtOGY4OC0zNDM2M2JjN2M0YzAiOnsiY3JlYXRlIjozNjAwMDAwMDAwMDAwLCJkZWxldGUiOjM2MDAwMDAwMDAwMDAsInVwZGF0ZSI6MzYwMDAwMDAwMDAwMH19",
          "dependencies": [
            "data.archive_file.default",
            "data.archive_file.dlp",
            "google_storage_bucket.default",
            "google_storage_bucket.dlp",
            "google_storage_bucket_object.file",
            "google_storage_bucket_object.object",
            "module.enabled_google_apis.google_project_service.project_services",
            "random_id.default",
            "random_id.dlp",
            "time_sleep.wait_60_seconds",
            "time_sleep.wait_another_120_seconds",
            "time_sleep.wait_project_init"
          ]
        }
      ]
    },
    {
      "mode": "managed",
      "type": "google_cloudfunctions2_function",
      "name": "retry2",
      "provider": "provider[\"registry.terraform.io/hashicorp/google\"]",
      "instances": [
        {
          "schema_version": 0,
          "attributes": {
            "build_config": [
              {
                "automatic_update_policy": [
                  {}
                ],
                "build": "projects/349096218925/locations/asia-southeast1/builds/5abc619d-4410-4241-a18d-8e96948506de",
                "docker_repository": "projects/the1-genai-nonprod/locations/asia-southeast1/repositories/gcf-artifacts",
                "entry_point": "gemini_generate_customer_insights",
                "environment_variables": {},
                "on_deploy_update_policy": [],
                "runtime": "python39",
                "service_account": "projects/the1-genai-nonprod/serviceAccounts/349096218925-compute@developer.gserviceaccount.com",
                "source": [
                  {
                    "repo_source": [],
                    "storage_source": [
                      {
                        "bucket": "0ad57d465b7b8994-gcf-source",
                        "generation": 1723870112942589,
                        "object": "ccinsights-function-source.zip"
                      }
                    ]
                  }
                ],
                "worker_pool": ""
              }
            ],
            "description": "Cloud Function to generate customer insights using Gemini",
            "effective_labels": {},
            "environment": "GEN_2",
            "event_trigger": [
              {
                "event_filters": [
                  {
                    "attribute": "bucket",
                    "operator": "",
                    "value": "the1-genai-nonprod-operation-insights-audio-files"
                  }
                ],
                "event_type": "google.cloud.storage.object.v1.finalized",
                "pubsub_topic": "projects/the1-genai-nonprod/topics/eventarc-asia-southeast1-gemini-generate-customer-insights-671841-796",
                "retry_policy": "RETRY_POLICY_RETRY",
                "service_account_email": "gcf-sa@the1-genai-nonprod.iam.gserviceaccount.com",
                "trigger": "projects/the1-genai-nonprod/locations/asia-southeast1/triggers/gemini-generate-customer-insights-671841",
                "trigger_region": "asia-southeast1"
              }
            ],
            "id": "projects/the1-genai-nonprod/locations/asia-southeast1/functions/gemini_generate_customer_insights",
            "kms_key_name": "",
            "labels": null,
            "location": "asia-southeast1",
            "name": "gemini_generate_customer_insights",
            "project": "the1-genai-nonprod",
            "service_config": [
              {
                "all_traffic_on_latest_revision": true,
                "available_cpu": "0.3333",
                "available_memory": "512M",
                "environment_variables": {
                  "LOG_EXECUTION_ID": "true"
                },
                "gcf_uri": "",
                "ingress_settings": "ALLOW_ALL",
                "max_instance_count": 1,
                "max_instance_request_concurrency": 1,
                "min_instance_count": 1,
                "secret_environment_variables": [],
                "secret_volumes": [],
                "service": "projects/the1-genai-nonprod/locations/asia-southeast1/services/gemini-generate-customer-insights",
                "service_account_email": "gcf-sa@the1-genai-nonprod.iam.gserviceaccount.com",
                "timeout_seconds": 60,
                "uri": "https://gemini-generate-customer-insights-m3kbntymca-as.a.run.app",
                "vpc_connector": "",
                "vpc_connector_egress_settings": ""
              }
            ],
            "state": "ACTIVE",
            "terraform_labels": {},
            "timeouts": null,
            "update_time": "2024-08-17T04:51:08.476504442Z",
            "url": "https://asia-southeast1-the1-genai-nonprod.cloudfunctions.net/gemini_generate_customer_insights"
          },
          "sensitive_attributes": [],
          "private": "eyJlMmJmYjczMC1lY2FhLTExZTYtOGY4OC0zNDM2M2JjN2M0YzAiOnsiY3JlYXRlIjozNjAwMDAwMDAwMDAwLCJkZWxldGUiOjM2MDAwMDAwMDAwMDAsInVwZGF0ZSI6MzYwMDAwMDAwMDAwMH19",
          "dependencies": [
            "data.archive_file.default",
            "google_storage_bucket.default",
            "google_storage_bucket_object.object",
            "module.enabled_google_apis.google_project_service.project_services",
            "random_id.default",
            "time_sleep.wait_60_seconds",
            "time_sleep.wait_another_120_seconds",
            "time_sleep.wait_project_init"
          ]
        }
      ]
    },
    {
      "mode": "managed",
      "type": "google_firestore_database",
      "name": "firestore_database",
      "provider": "provider[\"registry.terraform.io/hashicorp/google\"]",
      "instances": [
        {
          "schema_version": 0,
          "attributes": {
            "app_engine_integration_mode": "DISABLED",
            "concurrency_mode": "PESSIMISTIC",
            "create_time": "",
            "delete_protection_state": "DELETE_PROTECTION_DISABLED",
            "deletion_policy": "ABANDON",
            "earliest_version_time": "2024-08-17T04:46:20.718036Z",
            "etag": "IOTJnpSc+4cDMNTn246c+4cD",
            "id": "projects/the1-genai-nonprod/databases/(default)",
            "key_prefix": "",
            "location_id": "asia-southeast1",
            "name": "(default)",
            "point_in_time_recovery_enablement": "POINT_IN_TIME_RECOVERY_DISABLED",
            "project": "the1-genai-nonprod",
            "timeouts": null,
            "type": "FIRESTORE_NATIVE",
            "uid": "f7e9d3ae-805b-47e2-a7d5-fd9f2826d451",
            "update_time": "",
            "version_retention_period": "3600s"
          },
          "sensitive_attributes": [],
          "private": "eyJlMmJmYjczMC1lY2FhLTExZTYtOGY4OC0zNDM2M2JjN2M0YzAiOnsiY3JlYXRlIjoxMjAwMDAwMDAwMDAwLCJkZWxldGUiOjEyMDAwMDAwMDAwMDAsInVwZGF0ZSI6MTIwMDAwMDAwMDAwMH19",
          "dependencies": [
            "module.enabled_google_apis.google_project_service.project_services",
            "time_sleep.wait_60_seconds",
            "time_sleep.wait_project_init"
          ]
        }
      ]
    },
    {
      "mode": "managed",
      "type": "google_project_iam_member",
      "name": "artifactregistry-reader",
      "provider": "provider[\"registry.terraform.io/hashicorp/google\"]",
      "instances": [
        {
          "schema_version": 0,
          "attributes": {
            "condition": [],
            "etag": "BwYf2cOVLMs=",
            "id": "the1-genai-nonprod/roles/artifactregistry.reader/serviceAccount:gcf-sa@the1-genai-nonprod.iam.gserviceaccount.com",
            "member": "serviceAccount:gcf-sa@the1-genai-nonprod.iam.gserviceaccount.com",
            "project": "the1-genai-nonprod",
            "role": "roles/artifactregistry.reader"
          },
          "sensitive_attributes": [],
          "private": "bnVsbA==",
          "dependencies": [
            "data.google_storage_project_service_account.gcs_account",
            "google_project_iam_member.event-receiving",
            "google_project_iam_member.gcs-pubsub-publishing",
            "google_project_iam_member.invoking",
            "google_service_account.account",
            "module.enabled_google_apis.google_project_service.project_services",
            "time_sleep.wait_60_seconds",
            "time_sleep.wait_project_init"
          ]
        }
      ]
    },
    {
      "mode": "managed",
      "type": "google_project_iam_member",
      "name": "cloudfunctions-admin",
      "provider": "provider[\"registry.terraform.io/hashicorp/google\"]",
      "instances": [
        {
          "schema_version": 0,
          "attributes": {
            "condition": [],
            "etag": "BwYf2cHA5xY=",
            "id": "the1-genai-nonprod/roles/cloudfunctions.admin/serviceAccount:gcf-sa@the1-genai-nonprod.iam.gserviceaccount.com",
            "member": "serviceAccount:gcf-sa@the1-genai-nonprod.iam.gserviceaccount.com",
            "project": "the1-genai-nonprod",
            "role": "roles/cloudfunctions.admin"
          },
          "sensitive_attributes": [],
          "private": "bnVsbA==",
          "dependencies": [
            "google_service_account.account",
            "module.enabled_google_apis.google_project_service.project_services",
            "time_sleep.wait_60_seconds",
            "time_sleep.wait_project_init"
          ]
        }
      ]
    },
    {
      "mode": "managed",
      "type": "google_project_iam_member",
      "name": "cloudfunctions-bq-admin",
      "provider": "provider[\"registry.terraform.io/hashicorp/google\"]",
      "instances": [
        {
          "schema_version": 0,
          "attributes": {
            "condition": [],
            "etag": "BwYf2cHA5xY=",
            "id": "the1-genai-nonprod/roles/bigquery.admin/serviceAccount:gcf-sa@the1-genai-nonprod.iam.gserviceaccount.com",
            "member": "serviceAccount:gcf-sa@the1-genai-nonprod.iam.gserviceaccount.com",
            "project": "the1-genai-nonprod",
            "role": "roles/bigquery.admin"
          },
          "sensitive_attributes": [],
          "private": "bnVsbA==",
          "dependencies": [
            "google_service_account.account",
            "module.enabled_google_apis.google_project_service.project_services",
            "time_sleep.wait_60_seconds",
            "time_sleep.wait_project_init"
          ]
        }
      ]
    },
    {
      "mode": "managed",
      "type": "google_project_iam_member",
      "name": "cloudfunctions-storage",
      "provider": "provider[\"registry.terraform.io/hashicorp/google\"]",
      "instances": [
        {
          "schema_version": 0,
          "attributes": {
            "condition": [],
            "etag": "BwYf2cHA5xY=",
            "id": "the1-genai-nonprod/roles/storage.objectUser/serviceAccount:gcf-sa@the1-genai-nonprod.iam.gserviceaccount.com",
            "member": "serviceAccount:gcf-sa@the1-genai-nonprod.iam.gserviceaccount.com",
            "project": "the1-genai-nonprod",
            "role": "roles/storage.objectUser"
          },
          "sensitive_attributes": [],
          "private": "bnVsbA==",
          "dependencies": [
            "google_service_account.account",
            "module.enabled_google_apis.google_project_service.project_services",
            "time_sleep.wait_60_seconds",
            "time_sleep.wait_project_init"
          ]
        }
      ]
    },
    {
      "mode": "managed",
      "type": "google_project_iam_member",
      "name": "cloudfunctions-vertex-ai_-user",
      "provider": "provider[\"registry.terraform.io/hashicorp/google\"]",
      "instances": [
        {
          "schema_version": 0,
          "attributes": {
            "condition": [],
            "etag": "BwYf2cHA5xY=",
            "id": "the1-genai-nonprod/roles/aiplatform.user/serviceAccount:gcf-sa@the1-genai-nonprod.iam.gserviceaccount.com",
            "member": "serviceAccount:gcf-sa@the1-genai-nonprod.iam.gserviceaccount.com",
            "project": "the1-genai-nonprod",
            "role": "roles/aiplatform.user"
          },
          "sensitive_attributes": [],
          "private": "bnVsbA==",
          "dependencies": [
            "google_service_account.account",
            "module.enabled_google_apis.google_project_service.project_services",
            "time_sleep.wait_60_seconds",
            "time_sleep.wait_project_init"
          ]
        }
      ]
    },
    {
      "mode": "managed",
      "type": "google_project_iam_member",
      "name": "cloudrun-compute-artifact-rep-admin",
      "provider": "provider[\"registry.terraform.io/hashicorp/google\"]",
      "instances": [
        {
          "schema_version": 0,
          "attributes": {
            "condition": [],
            "etag": "BwYf2cFvwNY=",
            "id": "the1-genai-nonprod/roles/artifactregistry.repoAdmin/serviceAccount:349096218925-compute@developer.gserviceaccount.com",
            "member": "serviceAccount:349096218925-compute@developer.gserviceaccount.com",
            "project": "the1-genai-nonprod",
            "role": "roles/artifactregistry.repoAdmin"
          },
          "sensitive_attributes": [],
          "private": "bnVsbA==",
          "dependencies": [
            "data.google_project.project",
            "module.enabled_google_apis.google_project_service.project_services",
            "time_sleep.wait_60_seconds",
            "time_sleep.wait_project_init"
          ]
        }
      ]
    },
    {
      "mode": "managed",
      "type": "google_project_iam_member",
      "name": "cloudrun-compute-bq-admin",
      "provider": "provider[\"registry.terraform.io/hashicorp/google\"]",
      "instances": [
        {
          "schema_version": 0,
          "attributes": {
            "condition": [],
            "etag": "BwYf2cFvwNY=",
            "id": "the1-genai-nonprod/roles/bigquery.admin/serviceAccount:349096218925-compute@developer.gserviceaccount.com",
            "member": "serviceAccount:349096218925-compute@developer.gserviceaccount.com",
            "project": "the1-genai-nonprod",
            "role": "roles/bigquery.admin"
          },
          "sensitive_attributes": [],
          "private": "bnVsbA==",
          "dependencies": [
            "data.google_project.project",
            "module.enabled_google_apis.google_project_service.project_services",
            "time_sleep.wait_60_seconds",
            "time_sleep.wait_project_init"
          ]
        }
      ]
    },
    {
      "mode": "managed",
      "type": "google_project_iam_member",
      "name": "cloudrun-compute-datastore",
      "provider": "provider[\"registry.terraform.io/hashicorp/google\"]",
      "instances": [
        {
          "schema_version": 0,
          "attributes": {
            "condition": [],
            "etag": "BwYf2cFvwNY=",
            "id": "the1-genai-nonprod/roles/datastore.user/serviceAccount:349096218925-compute@developer.gserviceaccount.com",
            "member": "serviceAccount:349096218925-compute@developer.gserviceaccount.com",
            "project": "the1-genai-nonprod",
            "role": "roles/datastore.user"
          },
          "sensitive_attributes": [],
          "private": "bnVsbA==",
          "dependencies": [
            "data.google_project.project",
            "module.enabled_google_apis.google_project_service.project_services",
            "time_sleep.wait_60_seconds",
            "time_sleep.wait_project_init"
          ]
        }
      ]
    },
    {
      "mode": "managed",
      "type": "google_project_iam_member",
      "name": "cloudrun-compute-eventarc-service-agenet",
      "provider": "provider[\"registry.terraform.io/hashicorp/google\"]",
      "instances": [
        {
          "schema_version": 0,
          "attributes": {
            "condition": [],
            "etag": "BwYf2cFvwNY=",
            "id": "the1-genai-nonprod/roles/eventarc.serviceAgent/serviceAccount:349096218925-compute@developer.gserviceaccount.com",
            "member": "serviceAccount:349096218925-compute@developer.gserviceaccount.com",
            "project": "the1-genai-nonprod",
            "role": "roles/eventarc.serviceAgent"
          },
          "sensitive_attributes": [],
          "private": "bnVsbA==",
          "dependencies": [
            "data.google_project.project",
            "module.enabled_google_apis.google_project_service.project_services",
            "time_sleep.wait_60_seconds",
            "time_sleep.wait_project_init"
          ]
        }
      ]
    },
    {
      "mode": "managed",
      "type": "google_project_iam_member",
      "name": "cloudrun-compute-service-account-token",
      "provider": "provider[\"registry.terraform.io/hashicorp/google\"]",
      "instances": [
        {
          "schema_version": 0,
          "attributes": {
            "condition": [],
            "etag": "BwYf2cFvwNY=",
            "id": "the1-genai-nonprod/roles/iam.serviceAccountTokenCreator/serviceAccount:349096218925-compute@developer.gserviceaccount.com",
            "member": "serviceAccount:349096218925-compute@developer.gserviceaccount.com",
            "project": "the1-genai-nonprod",
            "role": "roles/iam.serviceAccountTokenCreator"
          },
          "sensitive_attributes": [],
          "private": "bnVsbA==",
          "dependencies": [
            "data.google_project.project",
            "module.enabled_google_apis.google_project_service.project_services",
            "time_sleep.wait_60_seconds",
            "time_sleep.wait_project_init"
          ]
        }
      ]
    },
    {
      "mode": "managed",
      "type": "google_project_iam_member",
      "name": "cloudrun-compute-storage",
      "provider": "provider[\"registry.terraform.io/hashicorp/google\"]",
      "instances": [
        {
          "schema_version": 0,
          "attributes": {
            "condition": [],
            "etag": "BwYf2cHA5xY=",
            "id": "the1-genai-nonprod/roles/storage.objectUser/serviceAccount:349096218925-compute@developer.gserviceaccount.com",
            "member": "serviceAccount:349096218925-compute@developer.gserviceaccount.com",
            "project": "the1-genai-nonprod",
            "role": "roles/storage.objectUser"
          },
          "sensitive_attributes": [],
          "private": "bnVsbA==",
          "dependencies": [
            "data.google_project.project",
            "module.enabled_google_apis.google_project_service.project_services",
            "time_sleep.wait_60_seconds",
            "time_sleep.wait_project_init"
          ]
        }
      ]
    },
    {
      "mode": "managed",
      "type": "google_project_iam_member",
      "name": "datastore-reader",
      "provider": "provider[\"registry.terraform.io/hashicorp/google\"]",
      "instances": [
        {
          "schema_version": 0,
          "attributes": {
            "condition": [],
            "etag": "BwYf2cOVLMs=",
            "id": "the1-genai-nonprod/roles/datastore.user/serviceAccount:gcf-sa@the1-genai-nonprod.iam.gserviceaccount.com",
            "member": "serviceAccount:gcf-sa@the1-genai-nonprod.iam.gserviceaccount.com",
            "project": "the1-genai-nonprod",
            "role": "roles/datastore.user"
          },
          "sensitive_attributes": [],
          "private": "bnVsbA==",
          "dependencies": [
            "data.google_storage_project_service_account.gcs_account",
            "google_project_iam_member.event-receiving",
            "google_project_iam_member.gcs-pubsub-publishing",
            "google_project_iam_member.invoking",
            "google_service_account.account",
            "module.enabled_google_apis.google_project_service.project_services",
            "time_sleep.wait_60_seconds",
            "time_sleep.wait_project_init"
          ]
        }
      ]
    },
    {
      "mode": "managed",
      "type": "google_project_iam_member",
      "name": "dlp-admin",
      "provider": "provider[\"registry.terraform.io/hashicorp/google\"]",
      "instances": [
        {
          "schema_version": 0,
          "attributes": {
            "condition": [],
            "etag": "BwYf2cMdy7E=",
            "id": "the1-genai-nonprod/roles/dlp.admin/serviceAccount:gcf-sa@the1-genai-nonprod.iam.gserviceaccount.com",
            "member": "serviceAccount:gcf-sa@the1-genai-nonprod.iam.gserviceaccount.com",
            "project": "the1-genai-nonprod",
            "role": "roles/dlp.admin"
          },
          "sensitive_attributes": [],
          "private": "bnVsbA==",
          "dependencies": [
            "data.google_storage_project_service_account.gcs_account",
            "google_project_iam_member.gcs-pubsub-publishing",
            "google_project_iam_member.invoking",
            "google_service_account.account",
            "module.enabled_google_apis.google_project_service.project_services",
            "time_sleep.wait_60_seconds",
            "time_sleep.wait_project_init"
          ]
        }
      ]
    },
    {
      "mode": "managed",
      "type": "google_project_iam_member",
      "name": "event-receiving",
      "provider": "provider[\"registry.terraform.io/hashicorp/google\"]",
      "instances": [
        {
          "schema_version": 0,
          "attributes": {
            "condition": [],
            "etag": "BwYf2cMdy7E=",
            "id": "the1-genai-nonprod/roles/eventarc.eventReceiver/serviceAccount:gcf-sa@the1-genai-nonprod.iam.gserviceaccount.com",
            "member": "serviceAccount:gcf-sa@the1-genai-nonprod.iam.gserviceaccount.com",
            "project": "the1-genai-nonprod",
            "role": "roles/eventarc.eventReceiver"
          },
          "sensitive_attributes": [],
          "private": "bnVsbA==",
          "dependencies": [
            "data.google_storage_project_service_account.gcs_account",
            "google_project_iam_member.gcs-pubsub-publishing",
            "google_project_iam_member.invoking",
            "google_service_account.account",
            "module.enabled_google_apis.google_project_service.project_services",
            "time_sleep.wait_60_seconds",
            "time_sleep.wait_project_init"
          ]
        }
      ]
    },
    {
      "mode": "managed",
      "type": "google_project_iam_member",
      "name": "gcf-sa-eventarc-service-agent",
      "provider": "provider[\"registry.terraform.io/hashicorp/google\"]",
      "instances": [
        {
          "schema_version": 0,
          "attributes": {
            "condition": [],
            "etag": "BwYf2cHA5xY=",
            "id": "the1-genai-nonprod/roles/eventarc.serviceAgent/serviceAccount:gcf-sa@the1-genai-nonprod.iam.gserviceaccount.com",
            "member": "serviceAccount:gcf-sa@the1-genai-nonprod.iam.gserviceaccount.com",
            "project": "the1-genai-nonprod",
            "role": "roles/eventarc.serviceAgent"
          },
          "sensitive_attributes": [],
          "private": "bnVsbA==",
          "dependencies": [
            "google_service_account.account",
            "module.enabled_google_apis.google_project_service.project_services",
            "time_sleep.wait_60_seconds",
            "time_sleep.wait_project_init"
          ]
        }
      ]
    },
    {
      "mode": "managed",
      "type": "google_project_iam_member",
      "name": "gcs-pubsub-publishing",
      "provider": "provider[\"registry.terraform.io/hashicorp/google\"]",
      "instances": [
        {
          "schema_version": 0,
          "attributes": {
            "condition": [],
            "etag": "BwYf2cHA5xY=",
            "id": "the1-genai-nonprod/roles/pubsub.publisher/serviceAccount:service-349096218925@gs-project-accounts.iam.gserviceaccount.com",
            "member": "serviceAccount:service-349096218925@gs-project-accounts.iam.gserviceaccount.com",
            "project": "the1-genai-nonprod",
            "role": "roles/pubsub.publisher"
          },
          "sensitive_attributes": [],
          "private": "bnVsbA==",
          "dependencies": [
            "data.google_storage_project_service_account.gcs_account",
            "module.enabled_google_apis.google_project_service.project_services",
            "time_sleep.wait_60_seconds",
            "time_sleep.wait_project_init"
          ]
        }
      ]
    },
    {
      "mode": "managed",
      "type": "google_project_iam_member",
      "name": "gitlab_sa_roles",
      "provider": "provider[\"registry.terraform.io/hashicorp/google\"]",
      "instances": [
        {
          "index_key": "roles/artifactregistry.admin",
          "schema_version": 0,
          "attributes": {
            "condition": [],
            "etag": "BwYf2cI0meo=",
            "id": "the1-genai-nonprod/roles/artifactregistry.admin/serviceAccount:gitlab-sa@the1-genai-nonprod.iam.gserviceaccount.com",
            "member": "serviceAccount:gitlab-sa@the1-genai-nonprod.iam.gserviceaccount.com",
            "project": "the1-genai-nonprod",
            "role": "roles/artifactregistry.admin"
          },
          "sensitive_attributes": [],
          "private": "bnVsbA==",
          "dependencies": [
            "google_service_account.gitlab_sa",
            "module.enabled_google_apis.google_project_service.project_services",
            "time_sleep.wait_60_seconds",
            "time_sleep.wait_project_init"
          ]
        },
        {
          "index_key": "roles/artifactregistry.repoAdmin",
          "schema_version": 0,
          "attributes": {
            "condition": [],
            "etag": "BwYf2cI0meo=",
            "id": "the1-genai-nonprod/roles/artifactregistry.repoAdmin/serviceAccount:gitlab-sa@the1-genai-nonprod.iam.gserviceaccount.com",
            "member": "serviceAccount:gitlab-sa@the1-genai-nonprod.iam.gserviceaccount.com",
            "project": "the1-genai-nonprod",
            "role": "roles/artifactregistry.repoAdmin"
          },
          "sensitive_attributes": [],
          "private": "bnVsbA==",
          "dependencies": [
            "google_service_account.gitlab_sa",
            "module.enabled_google_apis.google_project_service.project_services",
            "time_sleep.wait_60_seconds",
            "time_sleep.wait_project_init"
          ]
        },
        {
          "index_key": "roles/cloudbuild.builds.builder",
          "schema_version": 0,
          "attributes": {
            "condition": [],
            "etag": "BwYf2cLJuJA=",
            "id": "the1-genai-nonprod/roles/cloudbuild.builds.builder/serviceAccount:gitlab-sa@the1-genai-nonprod.iam.gserviceaccount.com",
            "member": "serviceAccount:gitlab-sa@the1-genai-nonprod.iam.gserviceaccount.com",
            "project": "the1-genai-nonprod",
            "role": "roles/cloudbuild.builds.builder"
          },
          "sensitive_attributes": [],
          "private": "bnVsbA==",
          "dependencies": [
            "google_service_account.gitlab_sa",
            "module.enabled_google_apis.google_project_service.project_services",
            "time_sleep.wait_60_seconds",
            "time_sleep.wait_project_init"
          ]
        },
        {
          "index_key": "roles/cloudbuild.serviceAgent",
          "schema_version": 0,
          "attributes": {
            "condition": [],
            "etag": "BwYf2cI0meo=",
            "id": "the1-genai-nonprod/roles/cloudbuild.serviceAgent/serviceAccount:gitlab-sa@the1-genai-nonprod.iam.gserviceaccount.com",
            "member": "serviceAccount:gitlab-sa@the1-genai-nonprod.iam.gserviceaccount.com",
            "project": "the1-genai-nonprod",
            "role": "roles/cloudbuild.serviceAgent"
          },
          "sensitive_attributes": [],
          "private": "bnVsbA==",
          "dependencies": [
            "google_service_account.gitlab_sa",
            "module.enabled_google_apis.google_project_service.project_services",
            "time_sleep.wait_60_seconds",
            "time_sleep.wait_project_init"
          ]
        },
        {
          "index_key": "roles/cloudfunctions.admin",
          "schema_version": 0,
          "attributes": {
            "condition": [],
            "etag": "BwYf2cI0meo=",
            "id": "the1-genai-nonprod/roles/cloudfunctions.admin/serviceAccount:gitlab-sa@the1-genai-nonprod.iam.gserviceaccount.com",
            "member": "serviceAccount:gitlab-sa@the1-genai-nonprod.iam.gserviceaccount.com",
            "project": "the1-genai-nonprod",
            "role": "roles/cloudfunctions.admin"
          },
          "sensitive_attributes": [],
          "private": "bnVsbA==",
          "dependencies": [
            "google_service_account.gitlab_sa",
            "module.enabled_google_apis.google_project_service.project_services",
            "time_sleep.wait_60_seconds",
            "time_sleep.wait_project_init"
          ]
        },
        {
          "index_key": "roles/iam.serviceAccountUser",
          "schema_version": 0,
          "attributes": {
            "condition": [],
            "etag": "BwYf2cI0meo=",
            "id": "the1-genai-nonprod/roles/iam.serviceAccountUser/serviceAccount:gitlab-sa@the1-genai-nonprod.iam.gserviceaccount.com",
            "member": "serviceAccount:gitlab-sa@the1-genai-nonprod.iam.gserviceaccount.com",
            "project": "the1-genai-nonprod",
            "role": "roles/iam.serviceAccountUser"
          },
          "sensitive_attributes": [],
          "private": "bnVsbA==",
          "dependencies": [
            "google_service_account.gitlab_sa",
            "module.enabled_google_apis.google_project_service.project_services",
            "time_sleep.wait_60_seconds",
            "time_sleep.wait_project_init"
          ]
        },
        {
          "index_key": "roles/logging.logWriter",
          "schema_version": 0,
          "attributes": {
            "condition": [],
            "etag": "BwYf2cI0meo=",
            "id": "the1-genai-nonprod/roles/logging.logWriter/serviceAccount:gitlab-sa@the1-genai-nonprod.iam.gserviceaccount.com",
            "member": "serviceAccount:gitlab-sa@the1-genai-nonprod.iam.gserviceaccount.com",
            "project": "the1-genai-nonprod",
            "role": "roles/logging.logWriter"
          },
          "sensitive_attributes": [],
          "private": "bnVsbA==",
          "dependencies": [
            "google_service_account.gitlab_sa",
            "module.enabled_google_apis.google_project_service.project_services",
            "time_sleep.wait_60_seconds",
            "time_sleep.wait_project_init"
          ]
        },
        {
          "index_key": "roles/owner",
          "schema_version": 0,
          "attributes": {
            "condition": [],
            "etag": "BwYf2cI0meo=",
            "id": "the1-genai-nonprod/roles/owner/serviceAccount:gitlab-sa@the1-genai-nonprod.iam.gserviceaccount.com",
            "member": "serviceAccount:gitlab-sa@the1-genai-nonprod.iam.gserviceaccount.com",
            "project": "the1-genai-nonprod",
            "role": "roles/owner"
          },
          "sensitive_attributes": [],
          "private": "bnVsbA==",
          "dependencies": [
            "google_service_account.gitlab_sa",
            "module.enabled_google_apis.google_project_service.project_services",
            "time_sleep.wait_60_seconds",
            "time_sleep.wait_project_init"
          ]
        },
        {
          "index_key": "roles/run.admin",
          "schema_version": 0,
          "attributes": {
            "condition": [],
            "etag": "BwYf2cI0meo=",
            "id": "the1-genai-nonprod/roles/run.admin/serviceAccount:gitlab-sa@the1-genai-nonprod.iam.gserviceaccount.com",
            "member": "serviceAccount:gitlab-sa@the1-genai-nonprod.iam.gserviceaccount.com",
            "project": "the1-genai-nonprod",
            "role": "roles/run.admin"
          },
          "sensitive_attributes": [],
          "private": "bnVsbA==",
          "dependencies": [
            "google_service_account.gitlab_sa",
            "module.enabled_google_apis.google_project_service.project_services",
            "time_sleep.wait_60_seconds",
            "time_sleep.wait_project_init"
          ]
        }
      ]
    },
    {
      "mode": "managed",
      "type": "google_project_iam_member",
      "name": "invoking",
      "provider": "provider[\"registry.terraform.io/hashicorp/google\"]",
      "instances": [
        {
          "schema_version": 0,
          "attributes": {
            "condition": [],
            "etag": "BwYf2cLJuJA=",
            "id": "the1-genai-nonprod/roles/run.invoker/serviceAccount:gcf-sa@the1-genai-nonprod.iam.gserviceaccount.com",
            "member": "serviceAccount:gcf-sa@the1-genai-nonprod.iam.gserviceaccount.com",
            "project": "the1-genai-nonprod",
            "role": "roles/run.invoker"
          },
          "sensitive_attributes": [],
          "private": "bnVsbA==",
          "dependencies": [
            "data.google_storage_project_service_account.gcs_account",
            "google_project_iam_member.gcs-pubsub-publishing",
            "google_service_account.account",
            "module.enabled_google_apis.google_project_service.project_services",
            "time_sleep.wait_60_seconds",
            "time_sleep.wait_project_init"
          ]
        }
      ]
    },
    {
      "mode": "managed",
      "type": "google_project_iam_member",
      "name": "log_user",
      "provider": "provider[\"registry.terraform.io/hashicorp/google\"]",
      "instances": [
        {
          "schema_version": 0,
          "attributes": {
            "condition": [],
            "etag": "BwYf2cHA5xY=",
            "id": "the1-genai-nonprod/roles/logging.logWriter/serviceAccount:gcf-sa@the1-genai-nonprod.iam.gserviceaccount.com",
            "member": "serviceAccount:gcf-sa@the1-genai-nonprod.iam.gserviceaccount.com",
            "project": "the1-genai-nonprod",
            "role": "roles/logging.logWriter"
          },
          "sensitive_attributes": [],
          "private": "bnVsbA==",
          "dependencies": [
            "google_service_account.account",
            "module.enabled_google_apis.google_project_service.project_services",
            "time_sleep.wait_60_seconds",
            "time_sleep.wait_project_init"
          ]
        }
      ]
    },
    {
      "mode": "managed",
      "type": "google_project_iam_member",
      "name": "logs-writer",
      "provider": "provider[\"registry.terraform.io/hashicorp/google\"]",
      "instances": [
        {
          "schema_version": 0,
          "attributes": {
            "condition": [],
            "etag": "BwYf2cFvwNY=",
            "id": "the1-genai-nonprod/roles/logging.logWriter/serviceAccount:349096218925-compute@developer.gserviceaccount.com",
            "member": "serviceAccount:349096218925-compute@developer.gserviceaccount.com",
            "project": "the1-genai-nonprod",
            "role": "roles/logging.logWriter"
          },
          "sensitive_attributes": [],
          "private": "bnVsbA==",
          "dependencies": [
            "data.google_project.project",
            "module.enabled_google_apis.google_project_service.project_services",
            "time_sleep.wait_60_seconds",
            "time_sleep.wait_project_init"
          ]
        }
      ]
    },
    {
      "mode": "managed",
      "type": "google_project_iam_member",
      "name": "pubsub-publisher",
      "provider": "provider[\"registry.terraform.io/hashicorp/google\"]",
      "instances": [
        {
          "schema_version": 0,
          "attributes": {
            "condition": [],
            "etag": "BwYf2cLJuJA=",
            "id": "the1-genai-nonprod/roles/pubsub.publisher/serviceAccount:gcf-sa@the1-genai-nonprod.iam.gserviceaccount.com",
            "member": "serviceAccount:gcf-sa@the1-genai-nonprod.iam.gserviceaccount.com",
            "project": "the1-genai-nonprod",
            "role": "roles/pubsub.publisher"
          },
          "sensitive_attributes": [],
          "private": "bnVsbA==",
          "dependencies": [
            "data.google_storage_project_service_account.gcs_account",
            "google_project_iam_member.gcs-pubsub-publishing",
            "google_service_account.account",
            "module.enabled_google_apis.google_project_service.project_services",
            "time_sleep.wait_60_seconds",
            "time_sleep.wait_project_init"
          ]
        }
      ]
    },
    {
      "mode": "managed",
      "type": "google_project_iam_member",
      "name": "speech-editor",
      "provider": "provider[\"registry.terraform.io/hashicorp/google\"]",
      "instances": [
        {
          "schema_version": 0,
          "attributes": {
            "condition": [],
            "etag": "BwYf2cOVLMs=",
            "id": "the1-genai-nonprod/roles/speech.editor/serviceAccount:gcf-sa@the1-genai-nonprod.iam.gserviceaccount.com",
            "member": "serviceAccount:gcf-sa@the1-genai-nonprod.iam.gserviceaccount.com",
            "project": "the1-genai-nonprod",
            "role": "roles/speech.editor"
          },
          "sensitive_attributes": [],
          "private": "bnVsbA==",
          "dependencies": [
            "data.google_storage_project_service_account.gcs_account",
            "google_project_iam_member.event-receiving",
            "google_project_iam_member.gcs-pubsub-publishing",
            "google_project_iam_member.invoking",
            "google_service_account.account",
            "module.enabled_google_apis.google_project_service.project_services",
            "time_sleep.wait_60_seconds",
            "time_sleep.wait_project_init"
          ]
        }
      ]
    },
    {
      "mode": "managed",
      "type": "google_pubsub_topic",
      "name": "cc_genai_insights_topic",
      "provider": "provider[\"registry.terraform.io/hashicorp/google\"]",
      "instances": [
        {
          "schema_version": 0,
          "attributes": {
            "effective_labels": {},
            "id": "projects/the1-genai-nonprod/topics/cc_genai_insights_topic",
            "ingestion_data_source_settings": [],
            "kms_key_name": "",
            "labels": null,
            "message_retention_duration": "",
            "message_storage_policy": [],
            "name": "cc_genai_insights_topic",
            "project": "the1-genai-nonprod",
            "schema_settings": [],
            "terraform_labels": {},
            "timeouts": null
          },
          "sensitive_attributes": [],
          "private": "eyJlMmJmYjczMC1lY2FhLTExZTYtOGY4OC0zNDM2M2JjN2M0YzAiOnsiY3JlYXRlIjoxMjAwMDAwMDAwMDAwLCJkZWxldGUiOjEyMDAwMDAwMDAwMDAsInVwZGF0ZSI6MTIwMDAwMDAwMDAwMH19",
          "dependencies": [
            "module.enabled_google_apis.google_project_service.project_services",
            "time_sleep.wait_60_seconds",
            "time_sleep.wait_project_init"
          ]
        }
      ]
    },
    {
      "mode": "managed",
      "type": "google_service_account",
      "name": "account",
      "provider": "provider[\"registry.terraform.io/hashicorp/google\"]",
      "instances": [
        {
          "schema_version": 0,
          "attributes": {
            "account_id": "gcf-sa",
            "create_ignore_already_exists": null,
            "description": "",
            "disabled": false,
            "display_name": "Test Service Account - used for both the cloud function and eventarc trigger in the test",
            "email": "gcf-sa@the1-genai-nonprod.iam.gserviceaccount.com",
            "id": "projects/the1-genai-nonprod/serviceAccounts/gcf-sa@the1-genai-nonprod.iam.gserviceaccount.com",
            "member": "serviceAccount:gcf-sa@the1-genai-nonprod.iam.gserviceaccount.com",
            "name": "projects/the1-genai-nonprod/serviceAccounts/gcf-sa@the1-genai-nonprod.iam.gserviceaccount.com",
            "project": "the1-genai-nonprod",
            "timeouts": null,
            "unique_id": "102292649987290355582"
          },
          "sensitive_attributes": [],
          "private": "eyJlMmJmYjczMC1lY2FhLTExZTYtOGY4OC0zNDM2M2JjN2M0YzAiOnsiY3JlYXRlIjozMDAwMDAwMDAwMDB9fQ==",
          "dependencies": [
            "module.enabled_google_apis.google_project_service.project_services",
            "time_sleep.wait_60_seconds",
            "time_sleep.wait_project_init"
          ]
        }
      ]
    },
    {
      "mode": "managed",
      "type": "google_service_account",
      "name": "gitlab_sa",
      "provider": "provider[\"registry.terraform.io/hashicorp/google\"]",
      "instances": [
        {
          "schema_version": 0,
          "attributes": {
            "account_id": "gitlab-sa",
            "create_ignore_already_exists": null,
            "description": "",
            "disabled": false,
            "display_name": "GitLab Service Account",
            "email": "gitlab-sa@the1-genai-nonprod.iam.gserviceaccount.com",
            "id": "projects/the1-genai-nonprod/serviceAccounts/gitlab-sa@the1-genai-nonprod.iam.gserviceaccount.com",
            "member": "serviceAccount:gitlab-sa@the1-genai-nonprod.iam.gserviceaccount.com",
            "name": "projects/the1-genai-nonprod/serviceAccounts/gitlab-sa@the1-genai-nonprod.iam.gserviceaccount.com",
            "project": "the1-genai-nonprod",
            "timeouts": null,
            "unique_id": "100174151490584145007"
          },
          "sensitive_attributes": [],
          "private": "eyJlMmJmYjczMC1lY2FhLTExZTYtOGY4OC0zNDM2M2JjN2M0YzAiOnsiY3JlYXRlIjozMDAwMDAwMDAwMDB9fQ==",
          "dependencies": [
            "module.enabled_google_apis.google_project_service.project_services",
            "time_sleep.wait_60_seconds",
            "time_sleep.wait_project_init"
          ]
        }
      ]
    },
    {
      "mode": "managed",
      "type": "google_storage_bucket",
      "name": "alert",
      "provider": "provider[\"registry.terraform.io/hashicorp/google\"]",
      "instances": [
        {
          "schema_version": 1,
          "attributes": {
            "autoclass": [],
            "cors": [],
            "custom_placement_config": [],
            "default_event_based_hold": false,
            "effective_labels": {},
            "enable_object_retention": false,
            "encryption": [],
            "force_destroy": false,
            "id": "021f731f7a4dc070-gcf-source",
            "labels": null,
            "lifecycle_rule": [],
            "location": "ASIA-SOUTHEAST1",
            "logging": [],
            "name": "021f731f7a4dc070-gcf-source",
            "project": "the1-genai-nonprod",
            "project_number": 349096218925,
            "public_access_prevention": "inherited",
            "requester_pays": false,
            "retention_policy": [],
            "rpo": null,
            "self_link": "https://www.googleapis.com/storage/v1/b/021f731f7a4dc070-gcf-source",
            "soft_delete_policy": [
              {
                "effective_time": "2024-08-17T04:44:00.138Z",
                "retention_duration_seconds": 604800
              }
            ],
            "storage_class": "STANDARD",
            "terraform_labels": {},
            "timeouts": null,
            "uniform_bucket_level_access": true,
            "url": "gs://021f731f7a4dc070-gcf-source",
            "versioning": [],
            "website": []
          },
          "sensitive_attributes": [],
          "private": "eyJlMmJmYjczMC1lY2FhLTExZTYtOGY4OC0zNDM2M2JjN2M0YzAiOnsiY3JlYXRlIjo2MDAwMDAwMDAwMDAsInJlYWQiOjI0MDAwMDAwMDAwMCwidXBkYXRlIjoyNDAwMDAwMDAwMDB9LCJzY2hlbWFfdmVyc2lvbiI6IjEifQ==",
          "dependencies": [
            "random_id.alert"
          ]
        }
      ]
    },
    {
      "mode": "managed",
      "type": "google_storage_bucket",
      "name": "default",
      "provider": "provider[\"registry.terraform.io/hashicorp/google\"]",
      "instances": [
        {
          "schema_version": 1,
          "attributes": {
            "autoclass": [],
            "cors": [],
            "custom_placement_config": [],
            "default_event_based_hold": false,
            "effective_labels": {},
            "enable_object_retention": false,
            "encryption": [],
            "force_destroy": false,
            "id": "0ad57d465b7b8994-gcf-source",
            "labels": null,
            "lifecycle_rule": [],
            "location": "ASIA-SOUTHEAST1",
            "logging": [],
            "name": "0ad57d465b7b8994-gcf-source",
            "project": "the1-genai-nonprod",
            "project_number": 349096218925,
            "public_access_prevention": "inherited",
            "requester_pays": false,
            "retention_policy": [],
            "rpo": null,
            "self_link": "https://www.googleapis.com/storage/v1/b/0ad57d465b7b8994-gcf-source",
            "soft_delete_policy": [
              {
                "effective_time": "2024-08-17T04:46:06.662Z",
                "retention_duration_seconds": 604800
              }
            ],
            "storage_class": "STANDARD",
            "terraform_labels": {},
            "timeouts": null,
            "uniform_bucket_level_access": true,
            "url": "gs://0ad57d465b7b8994-gcf-source",
            "versioning": [],
            "website": []
          },
          "sensitive_attributes": [],
          "private": "eyJlMmJmYjczMC1lY2FhLTExZTYtOGY4OC0zNDM2M2JjN2M0YzAiOnsiY3JlYXRlIjo2MDAwMDAwMDAwMDAsInJlYWQiOjI0MDAwMDAwMDAwMCwidXBkYXRlIjoyNDAwMDAwMDAwMDB9LCJzY2hlbWFfdmVyc2lvbiI6IjEifQ==",
          "dependencies": [
            "module.enabled_google_apis.google_project_service.project_services",
            "random_id.default",
            "time_sleep.wait_60_seconds",
            "time_sleep.wait_project_init"
          ]
        }
      ]
    },
    {
      "mode": "managed",
      "type": "google_storage_bucket",
      "name": "deidentified-storage",
      "provider": "provider[\"registry.terraform.io/hashicorp/google\"]",
      "instances": [
        {
          "schema_version": 1,
          "attributes": {
            "autoclass": [],
            "cors": [],
            "custom_placement_config": [],
            "default_event_based_hold": false,
            "effective_labels": {},
            "enable_object_retention": false,
            "encryption": [],
            "force_destroy": true,
            "id": "the1-genai-nonprod-operation-insights-deidentified",
            "labels": null,
            "lifecycle_rule": [],
            "location": "ASIA-SOUTHEAST1",
            "logging": [],
            "name": "the1-genai-nonprod-operation-insights-deidentified",
            "project": "the1-genai-nonprod",
            "project_number": 349096218925,
            "public_access_prevention": "enforced",
            "requester_pays": false,
            "retention_policy": [],
            "rpo": null,
            "self_link": "https://www.googleapis.com/storage/v1/b/the1-genai-nonprod-operation-insights-deidentified",
            "soft_delete_policy": [
              {
                "effective_time": "2024-08-17T04:44:00.671Z",
                "retention_duration_seconds": 604800
              }
            ],
            "storage_class": "STANDARD",
            "terraform_labels": {},
            "timeouts": null,
            "uniform_bucket_level_access": true,
            "url": "gs://the1-genai-nonprod-operation-insights-deidentified",
            "versioning": [],
            "website": []
          },
          "sensitive_attributes": [],
          "private": "eyJlMmJmYjczMC1lY2FhLTExZTYtOGY4OC0zNDM2M2JjN2M0YzAiOnsiY3JlYXRlIjo2MDAwMDAwMDAwMDAsInJlYWQiOjI0MDAwMDAwMDAwMCwidXBkYXRlIjoyNDAwMDAwMDAwMDB9LCJzY2hlbWFfdmVyc2lvbiI6IjEifQ=="
        }
      ]
    },
    {
      "mode": "managed",
      "type": "google_storage_bucket",
      "name": "dlp",
      "provider": "provider[\"registry.terraform.io/hashicorp/google\"]",
      "instances": [
        {
          "schema_version": 1,
          "attributes": {
            "autoclass": [],
            "cors": [],
            "custom_placement_config": [],
            "default_event_based_hold": false,
            "effective_labels": {},
            "enable_object_retention": false,
            "encryption": [],
            "force_destroy": false,
            "id": "6d0105a5e2812f55-gcf-source",
            "labels": null,
            "lifecycle_rule": [],
            "location": "ASIA-SOUTHEAST1",
            "logging": [],
            "name": "6d0105a5e2812f55-gcf-source",
            "project": "the1-genai-nonprod",
            "project_number": 349096218925,
            "public_access_prevention": "inherited",
            "requester_pays": false,
            "retention_policy": [],
            "rpo": null,
            "self_link": "https://www.googleapis.com/storage/v1/b/6d0105a5e2812f55-gcf-source",
            "soft_delete_policy": [
              {
                "effective_time": "2024-08-17T04:44:00.104Z",
                "retention_duration_seconds": 604800
              }
            ],
            "storage_class": "STANDARD",
            "terraform_labels": {},
            "timeouts": null,
            "uniform_bucket_level_access": true,
            "url": "gs://6d0105a5e2812f55-gcf-source",
            "versioning": [],
            "website": []
          },
          "sensitive_attributes": [],
          "private": "eyJlMmJmYjczMC1lY2FhLTExZTYtOGY4OC0zNDM2M2JjN2M0YzAiOnsiY3JlYXRlIjo2MDAwMDAwMDAwMDAsInJlYWQiOjI0MDAwMDAwMDAwMCwidXBkYXRlIjoyNDAwMDAwMDAwMDB9LCJzY2hlbWFfdmVyc2lvbiI6IjEifQ==",
          "dependencies": [
            "random_id.dlp"
          ]
        }
      ]
    },
    {
      "mode": "managed",
      "type": "google_storage_bucket",
      "name": "raw-files-storage",
      "provider": "provider[\"registry.terraform.io/hashicorp/google\"]",
      "instances": [
        {
          "schema_version": 1,
          "attributes": {
            "autoclass": [],
            "cors": [],
            "custom_placement_config": [],
            "default_event_based_hold": false,
            "effective_labels": {},
            "enable_object_retention": false,
            "encryption": [],
            "force_destroy": true,
            "id": "the1-genai-nonprod-operation-insights-audio-files",
            "labels": null,
            "lifecycle_rule": [],
            "location": "ASIA-SOUTHEAST1",
            "logging": [],
            "name": "the1-genai-nonprod-operation-insights-audio-files",
            "project": "the1-genai-nonprod",
            "project_number": 349096218925,
            "public_access_prevention": "enforced",
            "requester_pays": false,
            "retention_policy": [],
            "rpo": null,
            "self_link": "https://www.googleapis.com/storage/v1/b/the1-genai-nonprod-operation-insights-audio-files",
            "soft_delete_policy": [
              {
                "effective_time": "2024-08-17T04:46:06.916Z",
                "retention_duration_seconds": 604800
              }
            ],
            "storage_class": "STANDARD",
            "terraform_labels": {},
            "timeouts": null,
            "uniform_bucket_level_access": true,
            "url": "gs://the1-genai-nonprod-operation-insights-audio-files",
            "versioning": [],
            "website": []
          },
          "sensitive_attributes": [],
          "private": "eyJlMmJmYjczMC1lY2FhLTExZTYtOGY4OC0zNDM2M2JjN2M0YzAiOnsiY3JlYXRlIjo2MDAwMDAwMDAwMDAsInJlYWQiOjI0MDAwMDAwMDAwMCwidXBkYXRlIjoyNDAwMDAwMDAwMDB9LCJzY2hlbWFfdmVyc2lvbiI6IjEifQ==",
          "dependencies": [
            "module.enabled_google_apis.google_project_service.project_services",
            "time_sleep.wait_60_seconds",
            "time_sleep.wait_project_init"
          ]
        }
      ]
    },
    {
      "mode": "managed",
      "type": "google_storage_bucket",
      "name": "transcript-storage",
      "provider": "provider[\"registry.terraform.io/hashicorp/google\"]",
      "instances": [
        {
          "schema_version": 1,
          "attributes": {
            "autoclass": [],
            "cors": [],
            "custom_placement_config": [],
            "default_event_based_hold": false,
            "effective_labels": {},
            "enable_object_retention": false,
            "encryption": [],
            "force_destroy": true,
            "id": "the1-genai-nonprod-operation-insights-transcript",
            "labels": null,
            "lifecycle_rule": [],
            "location": "ASIA-SOUTHEAST1",
            "logging": [],
            "name": "the1-genai-nonprod-operation-insights-transcript",
            "project": "the1-genai-nonprod",
            "project_number": 349096218925,
            "public_access_prevention": "enforced",
            "requester_pays": false,
            "retention_policy": [],
            "rpo": null,
            "self_link": "https://www.googleapis.com/storage/v1/b/the1-genai-nonprod-operation-insights-transcript",
            "soft_delete_policy": [
              {
                "effective_time": "2024-08-17T04:43:59.477Z",
                "retention_duration_seconds": 604800
              }
            ],
            "storage_class": "STANDARD",
            "terraform_labels": {},
            "timeouts": null,
            "uniform_bucket_level_access": true,
            "url": "gs://the1-genai-nonprod-operation-insights-transcript",
            "versioning": [],
            "website": []
          },
          "sensitive_attributes": [],
          "private": "eyJlMmJmYjczMC1lY2FhLTExZTYtOGY4OC0zNDM2M2JjN2M0YzAiOnsiY3JlYXRlIjo2MDAwMDAwMDAwMDAsInJlYWQiOjI0MDAwMDAwMDAwMCwidXBkYXRlIjoyNDAwMDAwMDAwMDB9LCJzY2hlbWFfdmVyc2lvbiI6IjEifQ=="
        }
      ]
    },
    {
      "mode": "managed",
      "type": "google_storage_bucket_object",
      "name": "alert_object",
      "provider": "provider[\"registry.terraform.io/hashicorp/google\"]",
      "instances": [
        {
          "schema_version": 0,
          "attributes": {
            "bucket": "021f731f7a4dc070-gcf-source",
            "cache_control": "",
            "content": null,
            "content_disposition": "",
            "content_encoding": "",
            "content_language": "",
            "content_type": "application/zip",
            "crc32c": "VYaFDQ==",
            "customer_encryption": [],
            "detect_md5hash": "+WmXedy6TiwGZz/oU6AXRw==",
            "event_based_hold": false,
            "generation": 1723869842724242,
            "id": "021f731f7a4dc070-gcf-source-notification-function-source.zip",
            "kms_key_name": "",
            "md5hash": "+WmXedy6TiwGZz/oU6AXRw==",
            "media_link": "https://storage.googleapis.com/download/storage/v1/b/021f731f7a4dc070-gcf-source/o/notification-function-source.zip?generation=1723869842724242\u0026alt=media",
            "metadata": null,
            "name": "notification-function-source.zip",
            "output_name": "notification-function-source.zip",
            "retention": [],
            "self_link": "https://www.googleapis.com/storage/v1/b/021f731f7a4dc070-gcf-source/o/notification-function-source.zip",
            "source": "/tmp/notification-function-source.zip",
            "storage_class": "STANDARD",
            "temporary_hold": false,
            "timeouts": null
          },
          "sensitive_attributes": [],
          "private": "eyJlMmJmYjczMC1lY2FhLTExZTYtOGY4OC0zNDM2M2JjN2M0YzAiOnsiY3JlYXRlIjoyNDAwMDAwMDAwMDAsImRlbGV0ZSI6MjQwMDAwMDAwMDAwLCJ1cGRhdGUiOjI0MDAwMDAwMDAwMH19",
          "dependencies": [
            "data.archive_file.alert",
            "google_storage_bucket.alert",
            "random_id.alert"
          ]
        }
      ]
    },
    {
      "mode": "managed",
      "type": "google_storage_bucket_object",
      "name": "file",
      "provider": "provider[\"registry.terraform.io/hashicorp/google\"]",
      "instances": [
        {
          "schema_version": 0,
          "attributes": {
            "bucket": "6d0105a5e2812f55-gcf-source",
            "cache_control": "",
            "content": null,
            "content_disposition": "",
            "content_encoding": "",
            "content_language": "",
            "content_type": "application/zip",
            "crc32c": "n/QM0Q==",
            "customer_encryption": [],
            "detect_md5hash": "gpmmAf6zubJIEdv55Edchw==",
            "event_based_hold": false,
            "generation": 1723869842823127,
            "id": "6d0105a5e2812f55-gcf-source-dlp-function-source.zip",
            "kms_key_name": "",
            "md5hash": "gpmmAf6zubJIEdv55Edchw==",
            "media_link": "https://storage.googleapis.com/download/storage/v1/b/6d0105a5e2812f55-gcf-source/o/dlp-function-source.zip?generation=1723869842823127\u0026alt=media",
            "metadata": null,
            "name": "dlp-function-source.zip",
            "output_name": "dlp-function-source.zip",
            "retention": [],
            "self_link": "https://www.googleapis.com/storage/v1/b/6d0105a5e2812f55-gcf-source/o/dlp-function-source.zip",
            "source": "/tmp/dlp-function-source.zip",
            "storage_class": "STANDARD",
            "temporary_hold": false,
            "timeouts": null
          },
          "sensitive_attributes": [],
          "private": "eyJlMmJmYjczMC1lY2FhLTExZTYtOGY4OC0zNDM2M2JjN2M0YzAiOnsiY3JlYXRlIjoyNDAwMDAwMDAwMDAsImRlbGV0ZSI6MjQwMDAwMDAwMDAwLCJ1cGRhdGUiOjI0MDAwMDAwMDAwMH19",
          "dependencies": [
            "data.archive_file.dlp",
            "google_storage_bucket.dlp",
            "random_id.dlp"
          ]
        }
      ]
    },
    {
      "mode": "managed",
      "type": "google_storage_bucket_object",
      "name": "object",
      "provider": "provider[\"registry.terraform.io/hashicorp/google\"]",
      "instances": [
        {
          "schema_version": 0,
          "attributes": {
            "bucket": "0ad57d465b7b8994-gcf-source",
            "cache_control": "",
            "content": null,
            "content_disposition": "",
            "content_encoding": "",
            "content_language": "",
            "content_type": "application/zip",
            "crc32c": "3e09rQ==",
            "customer_encryption": [],
            "detect_md5hash": "kkdlMQTOVXx1ow25QUPMLg==",
            "event_based_hold": false,
            "generation": 1723869977320940,
            "id": "0ad57d465b7b8994-gcf-source-ccinsights-function-source.zip",
            "kms_key_name": "",
            "md5hash": "kkdlMQTOVXx1ow25QUPMLg==",
            "media_link": "https://storage.googleapis.com/download/storage/v1/b/0ad57d465b7b8994-gcf-source/o/ccinsights-function-source.zip?generation=1723869977320940\u0026alt=media",
            "metadata": null,
            "name": "ccinsights-function-source.zip",
            "output_name": "ccinsights-function-source.zip",
            "retention": [],
            "self_link": "https://www.googleapis.com/storage/v1/b/0ad57d465b7b8994-gcf-source/o/ccinsights-function-source.zip",
            "source": "/tmp/ccinsights-function-source.zip",
            "storage_class": "STANDARD",
            "temporary_hold": false,
            "timeouts": null
          },
          "sensitive_attributes": [],
          "private": "eyJlMmJmYjczMC1lY2FhLTExZTYtOGY4OC0zNDM2M2JjN2M0YzAiOnsiY3JlYXRlIjoyNDAwMDAwMDAwMDAsImRlbGV0ZSI6MjQwMDAwMDAwMDAwLCJ1cGRhdGUiOjI0MDAwMDAwMDAwMH19",
          "dependencies": [
            "data.archive_file.default",
            "google_storage_bucket.default",
            "module.enabled_google_apis.google_project_service.project_services",
            "random_id.default",
            "time_sleep.wait_60_seconds",
            "time_sleep.wait_project_init"
          ]
        }
      ]
    },
    {
      "mode": "managed",
      "type": "null_resource",
      "name": "deploy_cloud_run",
      "provider": "provider[\"registry.terraform.io/hashicorp/null\"]",
      "instances": [
        {
          "schema_version": 0,
          "attributes": {
            "id": "6907951584010161320",
            "triggers": null
          },
          "sensitive_attributes": [],
          "dependencies": [
            "module.enabled_google_apis.google_project_service.project_services",
            "time_sleep.wait_60_seconds",
            "time_sleep.wait_project_init"
          ]
        }
      ]
    },
    {
      "mode": "managed",
      "type": "null_resource",
      "name": "enable_service_usage_api",
      "provider": "provider[\"registry.terraform.io/hashicorp/null\"]",
      "instances": [
        {
          "schema_version": 0,
          "attributes": {
            "id": "5688141961986239387",
            "triggers": null
          },
          "sensitive_attributes": []
        }
      ]
    },
    {
      "mode": "managed",
      "type": "random_id",
      "name": "alert",
      "provider": "provider[\"registry.terraform.io/hashicorp/random\"]",
      "instances": [
        {
          "schema_version": 0,
          "attributes": {
            "b64_std": "Ah9zH3pNwHA=",
            "b64_url": "Ah9zH3pNwHA",
            "byte_length": 8,
            "dec": "152967491386982512",
            "hex": "021f731f7a4dc070",
            "id": "Ah9zH3pNwHA",
            "keepers": null,
            "prefix": null
          },
          "sensitive_attributes": []
        }
      ]
    },
    {
      "mode": "managed",
      "type": "random_id",
      "name": "default",
      "provider": "provider[\"registry.terraform.io/hashicorp/random\"]",
      "instances": [
        {
          "schema_version": 0,
          "attributes": {
            "b64_std": "CtV9Rlt7iZQ=",
            "b64_url": "CtV9Rlt7iZQ",
            "byte_length": 8,
            "dec": "780667851554654612",
            "hex": "0ad57d465b7b8994",
            "id": "CtV9Rlt7iZQ",
            "keepers": null,
            "prefix": null
          },
          "sensitive_attributes": []
        }
      ]
    },
    {
      "mode": "managed",
      "type": "random_id",
      "name": "dlp",
      "provider": "provider[\"registry.terraform.io/hashicorp/random\"]",
      "instances": [
        {
          "schema_version": 0,
          "attributes": {
            "b64_std": "bQEFpeKBL1U=",
            "b64_url": "bQEFpeKBL1U",
            "byte_length": 8,
            "dec": "7854565435138715477",
            "hex": "6d0105a5e2812f55",
            "id": "bQEFpeKBL1U",
            "keepers": null,
            "prefix": null
          },
          "sensitive_attributes": []
        }
      ]
    },
    {
      "mode": "managed",
      "type": "time_sleep",
      "name": "wait_60_seconds",
      "provider": "provider[\"registry.terraform.io/hashicorp/time\"]",
      "instances": [
        {
          "schema_version": 0,
          "attributes": {
            "create_duration": "60s",
            "destroy_duration": null,
            "id": "2024-08-17T04:46:04Z",
            "triggers": null
          },
          "sensitive_attributes": [],
          "dependencies": [
            "module.enabled_google_apis.google_project_service.project_services",
            "time_sleep.wait_project_init"
          ]
        }
      ]
    },
    {
      "mode": "managed",
      "type": "time_sleep",
      "name": "wait_another_120_seconds",
      "provider": "provider[\"registry.terraform.io/hashicorp/time\"]",
      "instances": [
        {
          "schema_version": 0,
          "attributes": {
            "create_duration": "120s",
            "destroy_duration": null,
            "id": "2024-08-17T04:48:30Z",
            "triggers": null
          },
          "sensitive_attributes": [],
          "dependencies": [
            "data.archive_file.default",
            "google_storage_bucket.default",
            "google_storage_bucket_object.object",
            "module.enabled_google_apis.google_project_service.project_services",
            "random_id.default",
            "time_sleep.wait_60_seconds",
            "time_sleep.wait_project_init"
          ]
        }
      ]
    },
    {
      "mode": "managed",
      "type": "time_sleep",
      "name": "wait_project_init",
      "provider": "provider[\"registry.terraform.io/hashicorp/time\"]",
      "instances": [
        {
          "schema_version": 0,
          "attributes": {
            "create_duration": "60s",
            "destroy_duration": null,
            "id": "2024-08-17T04:44:56Z",
            "triggers": null
          },
          "sensitive_attributes": []
        }
      ]
    },
    {
      "module": "module.enabled_google_apis",
      "mode": "managed",
      "type": "google_project_service",
      "name": "project_services",
      "provider": "provider[\"registry.terraform.io/hashicorp/google\"]",
      "instances": [
        {
          "index_key": "aiplatform.googleapis.com",
          "schema_version": 0,
          "attributes": {
            "disable_dependent_services": true,
            "disable_on_destroy": false,
            "id": "the1-genai-nonprod/aiplatform.googleapis.com",
            "project": "the1-genai-nonprod",
            "service": "aiplatform.googleapis.com",
            "timeouts": null
          },
          "sensitive_attributes": [],
          "private": "eyJlMmJmYjczMC1lY2FhLTExZTYtOGY4OC0zNDM2M2JjN2M0YzAiOnsiY3JlYXRlIjoxMjAwMDAwMDAwMDAwLCJkZWxldGUiOjEyMDAwMDAwMDAwMDAsInJlYWQiOjYwMDAwMDAwMDAwMCwidXBkYXRlIjoxMjAwMDAwMDAwMDAwfX0=",
          "dependencies": [
            "time_sleep.wait_project_init"
          ]
        },
        {
          "index_key": "artifactregistry.googleapis.com",
          "schema_version": 0,
          "attributes": {
            "disable_dependent_services": true,
            "disable_on_destroy": false,
            "id": "the1-genai-nonprod/artifactregistry.googleapis.com",
            "project": "the1-genai-nonprod",
            "service": "artifactregistry.googleapis.com",
            "timeouts": null
          },
          "sensitive_attributes": [],
          "private": "eyJlMmJmYjczMC1lY2FhLTExZTYtOGY4OC0zNDM2M2JjN2M0YzAiOnsiY3JlYXRlIjoxMjAwMDAwMDAwMDAwLCJkZWxldGUiOjEyMDAwMDAwMDAwMDAsInJlYWQiOjYwMDAwMDAwMDAwMCwidXBkYXRlIjoxMjAwMDAwMDAwMDAwfX0=",
          "dependencies": [
            "time_sleep.wait_project_init"
          ]
        },
        {
          "index_key": "bigquery.googleapis.com",
          "schema_version": 0,
          "attributes": {
            "disable_dependent_services": true,
            "disable_on_destroy": false,
            "id": "the1-genai-nonprod/bigquery.googleapis.com",
            "project": "the1-genai-nonprod",
            "service": "bigquery.googleapis.com",
            "timeouts": null
          },
          "sensitive_attributes": [],
          "private": "eyJlMmJmYjczMC1lY2FhLTExZTYtOGY4OC0zNDM2M2JjN2M0YzAiOnsiY3JlYXRlIjoxMjAwMDAwMDAwMDAwLCJkZWxldGUiOjEyMDAwMDAwMDAwMDAsInJlYWQiOjYwMDAwMDAwMDAwMCwidXBkYXRlIjoxMjAwMDAwMDAwMDAwfX0=",
          "dependencies": [
            "time_sleep.wait_project_init"
          ]
        },
        {
          "index_key": "cloudbuild.googleapis.com",
          "schema_version": 0,
          "attributes": {
            "disable_dependent_services": true,
            "disable_on_destroy": false,
            "id": "the1-genai-nonprod/cloudbuild.googleapis.com",
            "project": "the1-genai-nonprod",
            "service": "cloudbuild.googleapis.com",
            "timeouts": null
          },
          "sensitive_attributes": [],
          "private": "eyJlMmJmYjczMC1lY2FhLTExZTYtOGY4OC0zNDM2M2JjN2M0YzAiOnsiY3JlYXRlIjoxMjAwMDAwMDAwMDAwLCJkZWxldGUiOjEyMDAwMDAwMDAwMDAsInJlYWQiOjYwMDAwMDAwMDAwMCwidXBkYXRlIjoxMjAwMDAwMDAwMDAwfX0=",
          "dependencies": [
            "time_sleep.wait_project_init"
          ]
        },
        {
          "index_key": "cloudfunctions.googleapis.com",
          "schema_version": 0,
          "attributes": {
            "disable_dependent_services": true,
            "disable_on_destroy": false,
            "id": "the1-genai-nonprod/cloudfunctions.googleapis.com",
            "project": "the1-genai-nonprod",
            "service": "cloudfunctions.googleapis.com",
            "timeouts": null
          },
          "sensitive_attributes": [],
          "private": "eyJlMmJmYjczMC1lY2FhLTExZTYtOGY4OC0zNDM2M2JjN2M0YzAiOnsiY3JlYXRlIjoxMjAwMDAwMDAwMDAwLCJkZWxldGUiOjEyMDAwMDAwMDAwMDAsInJlYWQiOjYwMDAwMDAwMDAwMCwidXBkYXRlIjoxMjAwMDAwMDAwMDAwfX0=",
          "dependencies": [
            "time_sleep.wait_project_init"
          ]
        },
        {
          "index_key": "cloudresourcemanager.googleapis.com",
          "schema_version": 0,
          "attributes": {
            "disable_dependent_services": true,
            "disable_on_destroy": false,
            "id": "the1-genai-nonprod/cloudresourcemanager.googleapis.com",
            "project": "the1-genai-nonprod",
            "service": "cloudresourcemanager.googleapis.com",
            "timeouts": null
          },
          "sensitive_attributes": [],
          "private": "eyJlMmJmYjczMC1lY2FhLTExZTYtOGY4OC0zNDM2M2JjN2M0YzAiOnsiY3JlYXRlIjoxMjAwMDAwMDAwMDAwLCJkZWxldGUiOjEyMDAwMDAwMDAwMDAsInJlYWQiOjYwMDAwMDAwMDAwMCwidXBkYXRlIjoxMjAwMDAwMDAwMDAwfX0=",
          "dependencies": [
            "time_sleep.wait_project_init"
          ]
        },
        {
          "index_key": "compute.googleapis.com",
          "schema_version": 0,
          "attributes": {
            "disable_dependent_services": true,
            "disable_on_destroy": false,
            "id": "the1-genai-nonprod/compute.googleapis.com",
            "project": "the1-genai-nonprod",
            "service": "compute.googleapis.com",
            "timeouts": null
          },
          "sensitive_attributes": [],
          "private": "eyJlMmJmYjczMC1lY2FhLTExZTYtOGY4OC0zNDM2M2JjN2M0YzAiOnsiY3JlYXRlIjoxMjAwMDAwMDAwMDAwLCJkZWxldGUiOjEyMDAwMDAwMDAwMDAsInJlYWQiOjYwMDAwMDAwMDAwMCwidXBkYXRlIjoxMjAwMDAwMDAwMDAwfX0=",
          "dependencies": [
            "time_sleep.wait_project_init"
          ]
        },
        {
          "index_key": "datastore.googleapis.com",
          "schema_version": 0,
          "attributes": {
            "disable_dependent_services": true,
            "disable_on_destroy": false,
            "id": "the1-genai-nonprod/datastore.googleapis.com",
            "project": "the1-genai-nonprod",
            "service": "datastore.googleapis.com",
            "timeouts": null
          },
          "sensitive_attributes": [],
          "private": "eyJlMmJmYjczMC1lY2FhLTExZTYtOGY4OC0zNDM2M2JjN2M0YzAiOnsiY3JlYXRlIjoxMjAwMDAwMDAwMDAwLCJkZWxldGUiOjEyMDAwMDAwMDAwMDAsInJlYWQiOjYwMDAwMDAwMDAwMCwidXBkYXRlIjoxMjAwMDAwMDAwMDAwfX0=",
          "dependencies": [
            "time_sleep.wait_project_init"
          ]
        },
        {
          "index_key": "dlp.googleapis.com",
          "schema_version": 0,
          "attributes": {
            "disable_dependent_services": true,
            "disable_on_destroy": false,
            "id": "the1-genai-nonprod/dlp.googleapis.com",
            "project": "the1-genai-nonprod",
            "service": "dlp.googleapis.com",
            "timeouts": null
          },
          "sensitive_attributes": [],
          "private": "eyJlMmJmYjczMC1lY2FhLTExZTYtOGY4OC0zNDM2M2JjN2M0YzAiOnsiY3JlYXRlIjoxMjAwMDAwMDAwMDAwLCJkZWxldGUiOjEyMDAwMDAwMDAwMDAsInJlYWQiOjYwMDAwMDAwMDAwMCwidXBkYXRlIjoxMjAwMDAwMDAwMDAwfX0=",
          "dependencies": [
            "time_sleep.wait_project_init"
          ]
        },
        {
          "index_key": "eventarc.googleapis.com",
          "schema_version": 0,
          "attributes": {
            "disable_dependent_services": true,
            "disable_on_destroy": false,
            "id": "the1-genai-nonprod/eventarc.googleapis.com",
            "project": "the1-genai-nonprod",
            "service": "eventarc.googleapis.com",
            "timeouts": null
          },
          "sensitive_attributes": [],
          "private": "eyJlMmJmYjczMC1lY2FhLTExZTYtOGY4OC0zNDM2M2JjN2M0YzAiOnsiY3JlYXRlIjoxMjAwMDAwMDAwMDAwLCJkZWxldGUiOjEyMDAwMDAwMDAwMDAsInJlYWQiOjYwMDAwMDAwMDAwMCwidXBkYXRlIjoxMjAwMDAwMDAwMDAwfX0=",
          "dependencies": [
            "time_sleep.wait_project_init"
          ]
        },
        {
          "index_key": "firestore.googleapis.com",
          "schema_version": 0,
          "attributes": {
            "disable_dependent_services": true,
            "disable_on_destroy": false,
            "id": "the1-genai-nonprod/firestore.googleapis.com",
            "project": "the1-genai-nonprod",
            "service": "firestore.googleapis.com",
            "timeouts": null
          },
          "sensitive_attributes": [],
          "private": "eyJlMmJmYjczMC1lY2FhLTExZTYtOGY4OC0zNDM2M2JjN2M0YzAiOnsiY3JlYXRlIjoxMjAwMDAwMDAwMDAwLCJkZWxldGUiOjEyMDAwMDAwMDAwMDAsInJlYWQiOjYwMDAwMDAwMDAwMCwidXBkYXRlIjoxMjAwMDAwMDAwMDAwfX0=",
          "dependencies": [
            "time_sleep.wait_project_init"
          ]
        },
        {
          "index_key": "iam.googleapis.com",
          "schema_version": 0,
          "attributes": {
            "disable_dependent_services": true,
            "disable_on_destroy": false,
            "id": "the1-genai-nonprod/iam.googleapis.com",
            "project": "the1-genai-nonprod",
            "service": "iam.googleapis.com",
            "timeouts": null
          },
          "sensitive_attributes": [],
          "private": "eyJlMmJmYjczMC1lY2FhLTExZTYtOGY4OC0zNDM2M2JjN2M0YzAiOnsiY3JlYXRlIjoxMjAwMDAwMDAwMDAwLCJkZWxldGUiOjEyMDAwMDAwMDAwMDAsInJlYWQiOjYwMDAwMDAwMDAwMCwidXBkYXRlIjoxMjAwMDAwMDAwMDAwfX0=",
          "dependencies": [
            "time_sleep.wait_project_init"
          ]
        },
        {
          "index_key": "pubsub.googleapis.com",
          "schema_version": 0,
          "attributes": {
            "disable_dependent_services": true,
            "disable_on_destroy": false,
            "id": "the1-genai-nonprod/pubsub.googleapis.com",
            "project": "the1-genai-nonprod",
            "service": "pubsub.googleapis.com",
            "timeouts": null
          },
          "sensitive_attributes": [],
          "private": "eyJlMmJmYjczMC1lY2FhLTExZTYtOGY4OC0zNDM2M2JjN2M0YzAiOnsiY3JlYXRlIjoxMjAwMDAwMDAwMDAwLCJkZWxldGUiOjEyMDAwMDAwMDAwMDAsInJlYWQiOjYwMDAwMDAwMDAwMCwidXBkYXRlIjoxMjAwMDAwMDAwMDAwfX0=",
          "dependencies": [
            "time_sleep.wait_project_init"
          ]
        },
        {
          "index_key": "run.googleapis.com",
          "schema_version": 0,
          "attributes": {
            "disable_dependent_services": true,
            "disable_on_destroy": false,
            "id": "the1-genai-nonprod/run.googleapis.com",
            "project": "the1-genai-nonprod",
            "service": "run.googleapis.com",
            "timeouts": null
          },
          "sensitive_attributes": [],
          "private": "eyJlMmJmYjczMC1lY2FhLTExZTYtOGY4OC0zNDM2M2JjN2M0YzAiOnsiY3JlYXRlIjoxMjAwMDAwMDAwMDAwLCJkZWxldGUiOjEyMDAwMDAwMDAwMDAsInJlYWQiOjYwMDAwMDAwMDAwMCwidXBkYXRlIjoxMjAwMDAwMDAwMDAwfX0=",
          "dependencies": [
            "time_sleep.wait_project_init"
          ]
        },
        {
          "index_key": "speech.googleapis.com",
          "schema_version": 0,
          "attributes": {
            "disable_dependent_services": true,
            "disable_on_destroy": false,
            "id": "the1-genai-nonprod/speech.googleapis.com",
            "project": "the1-genai-nonprod",
            "service": "speech.googleapis.com",
            "timeouts": null
          },
          "sensitive_attributes": [],
          "private": "eyJlMmJmYjczMC1lY2FhLTExZTYtOGY4OC0zNDM2M2JjN2M0YzAiOnsiY3JlYXRlIjoxMjAwMDAwMDAwMDAwLCJkZWxldGUiOjEyMDAwMDAwMDAwMDAsInJlYWQiOjYwMDAwMDAwMDAwMCwidXBkYXRlIjoxMjAwMDAwMDAwMDAwfX0=",
          "dependencies": [
            "time_sleep.wait_project_init"
          ]
        }
      ]
    }
  ],
  "check_results": null
}
